// !$*UTF8*$!
{
	archiveVersion = 1;
	classes = {
	};
	objectVersion = 55;
	objects = {

/* Begin PBXBuildFile section */
		8112AF0329152F900041475D /* YouTubePlayerKit in Frameworks */ = {isa = PBXBuildFile; productRef = 8112AF0229152F900041475D /* YouTubePlayerKit */; };
		8112AF0529152FA80041475D /* MovieVideoPlayer.swift in Sources */ = {isa = PBXBuildFile; fileRef = 8112AF0429152FA80041475D /* MovieVideoPlayer.swift */; };
		8112AF0729153EA60041475D /* WatermarkView.swift in Sources */ = {isa = PBXBuildFile; fileRef = 8112AF0629153EA60041475D /* WatermarkView.swift */; };
		8112AF0B2916DF5D0041475D /* MovieWatchlistStateView.swift in Sources */ = {isa = PBXBuildFile; fileRef = 8112AF0A2916DF5D0041475D /* MovieWatchlistStateView.swift */; };
		81167A592A3F01C200B83369 /* OvalTextFieldStyle.swift in Sources */ = {isa = PBXBuildFile; fileRef = 81167A582A3F01C200B83369 /* OvalTextFieldStyle.swift */; };
		81167A5D2A3F02D500B83369 /* OvalButtonStyle.swift in Sources */ = {isa = PBXBuildFile; fileRef = 81167A5C2A3F02D500B83369 /* OvalButtonStyle.swift */; };
		812489BD29F04E85004A6BE6 /* WebServiceError.swift in Sources */ = {isa = PBXBuildFile; fileRef = 812489BC29F04E85004A6BE6 /* WebServiceError.swift */; };
		812489C029F152C4004A6BE6 /* ExploreViewModel.swift in Sources */ = {isa = PBXBuildFile; fileRef = 812489BF29F152C4004A6BE6 /* ExploreViewModel.swift */; };
		812489C229F15307004A6BE6 /* SearchViewModel.swift in Sources */ = {isa = PBXBuildFile; fileRef = 812489C129F15307004A6BE6 /* SearchViewModel.swift */; };
		812489CB29F15EC1004A6BE6 /* ArtistPreviewView.swift in Sources */ = {isa = PBXBuildFile; fileRef = 812489CA29F15EC1004A6BE6 /* ArtistPreviewView.swift */; };
		8127C49B2A114778008C6EBC /* SegmentedPicker.swift in Sources */ = {isa = PBXBuildFile; fileRef = 8127C49A2A114778008C6EBC /* SegmentedPicker.swift */; };
		8128AB1428DF106C002FD343 /* SearchWebService.swift in Sources */ = {isa = PBXBuildFile; fileRef = 8128AB1328DF106C002FD343 /* SearchWebService.swift */; };
		8128AB1628E0BECF002FD343 /* MovieContentView.swift in Sources */ = {isa = PBXBuildFile; fileRef = 8128AB1528E0BECF002FD343 /* MovieContentView.swift */; };
		8128AB1828E0C1D9002FD343 /* MoviePreviewView.swift in Sources */ = {isa = PBXBuildFile; fileRef = 8128AB1728E0C1D9002FD343 /* MoviePreviewView.swift */; };
		8128AB1C28F00CB6002FD343 /* RatingView.swift in Sources */ = {isa = PBXBuildFile; fileRef = 8128AB1B28F00CB6002FD343 /* RatingView.swift */; };
		812E83C2294CC0F900D40E21 /* NewToWatchSuggestionView.swift in Sources */ = {isa = PBXBuildFile; fileRef = 812E83C1294CC0F900D40E21 /* NewToWatchSuggestionView.swift */; };
		812E83C4294DCEC600D40E21 /* NewWatchedRatingView.swift in Sources */ = {isa = PBXBuildFile; fileRef = 812E83C3294DCEC600D40E21 /* NewWatchedRatingView.swift */; };
		814A13E728F0488100477126 /* WatchlistButton.swift in Sources */ = {isa = PBXBuildFile; fileRef = 814A13E628F0488100477126 /* WatchlistButton.swift */; };
		814D46D028C2224A000D7ABD /* Response.swift in Sources */ = {isa = PBXBuildFile; fileRef = 814D46CF28C2224A000D7ABD /* Response.swift */; };
		814D46D228C22347000D7ABD /* Request.swift in Sources */ = {isa = PBXBuildFile; fileRef = 814D46D128C22347000D7ABD /* Request.swift */; };
		814D46D928C22772000D7ABD /* Localizable.strings in Resources */ = {isa = PBXBuildFile; fileRef = 814D46DB28C22772000D7ABD /* Localizable.strings */; };
		814D46DF28C23062000D7ABD /* RequestManager.swift in Sources */ = {isa = PBXBuildFile; fileRef = 814D46DE28C23062000D7ABD /* RequestManager.swift */; };
		814D46E128C2391D000D7ABD /* MockServer.swift in Sources */ = {isa = PBXBuildFile; fileRef = 814D46E028C2391D000D7ABD /* MockServer.swift */; };
		814D46E528C23999000D7ABD /* MockRequestManager.swift in Sources */ = {isa = PBXBuildFile; fileRef = 814D46E428C23999000D7ABD /* MockRequestManager.swift */; };
		814D46E928C23CED000D7ABD /* Mocks in Resources */ = {isa = PBXBuildFile; fileRef = 814D46E828C23CED000D7ABD /* Mocks */; };
		814D46EB28C26E6B000D7ABD /* MovieWebService.swift in Sources */ = {isa = PBXBuildFile; fileRef = 814D46EA28C26E6B000D7ABD /* MovieWebService.swift */; };
		8152570629F6A03E00B05522 /* Navigation.swift in Sources */ = {isa = PBXBuildFile; fileRef = 8152570529F6A03E00B05522 /* Navigation.swift */; };
		8169FB1D28C204450054BCE6 /* MoviebookApp.swift in Sources */ = {isa = PBXBuildFile; fileRef = 8169FB1C28C204450054BCE6 /* MoviebookApp.swift */; };
		8169FB1F28C204450054BCE6 /* WatchlistView.swift in Sources */ = {isa = PBXBuildFile; fileRef = 8169FB1E28C204450054BCE6 /* WatchlistView.swift */; };
		8169FB3328C204450054BCE6 /* MoviebookTests.swift in Sources */ = {isa = PBXBuildFile; fileRef = 8169FB3228C204450054BCE6 /* MoviebookTests.swift */; };
		8169FB3D28C204450054BCE6 /* MoviebookUITests.swift in Sources */ = {isa = PBXBuildFile; fileRef = 8169FB3C28C204450054BCE6 /* MoviebookUITests.swift */; };
		8169FB3F28C204450054BCE6 /* MoviebookUITestsLaunchTests.swift in Sources */ = {isa = PBXBuildFile; fileRef = 8169FB3E28C204450054BCE6 /* MoviebookUITestsLaunchTests.swift */; };
		8169FB5F28C20C420054BCE6 /* ExploreView.swift in Sources */ = {isa = PBXBuildFile; fileRef = 8169FB5E28C20C420054BCE6 /* ExploreView.swift */; };
		817C42A729FC190C00FB3FD6 /* WatchlistViewModel.swift in Sources */ = {isa = PBXBuildFile; fileRef = 817C42A629FC190C00FB3FD6 /* WatchlistViewModel.swift */; };
		81828ACA28DDB736006D696C /* MovieView.swift in Sources */ = {isa = PBXBuildFile; fileRef = 81828AC928DDB736006D696C /* MovieView.swift */; };
		81828ACC28DDC7A4006D696C /* ObservableScrollView.swift in Sources */ = {isa = PBXBuildFile; fileRef = 81828ACB28DDC7A4006D696C /* ObservableScrollView.swift */; };
		8194DF6029FE746D00A3FC2D /* MovieViewModel.swift in Sources */ = {isa = PBXBuildFile; fileRef = 8194DF5F29FE746D00A3FC2D /* MovieViewModel.swift */; };
		8194DF6329FE754800A3FC2D /* ArtistViewModel.swift in Sources */ = {isa = PBXBuildFile; fileRef = 8194DF6229FE754800A3FC2D /* ArtistViewModel.swift */; };
		81989ED22A08F9CA00547584 /* Spotlight.swift in Sources */ = {isa = PBXBuildFile; fileRef = 81989ED12A08F9CA00547584 /* Spotlight.swift */; };
		81A395D129F402CE00800F7E /* ArtistWebService.swift in Sources */ = {isa = PBXBuildFile; fileRef = 81A395D029F402CE00800F7E /* ArtistWebService.swift */; };
		81A395D329F40B8700800F7E /* ArtistView.swift in Sources */ = {isa = PBXBuildFile; fileRef = 81A395D229F40B8700800F7E /* ArtistView.swift */; };
		81A395D529F40CD200800F7E /* LoaderView.swift in Sources */ = {isa = PBXBuildFile; fileRef = 81A395D429F40CD200800F7E /* LoaderView.swift */; };
		81A395D729F40E0D00800F7E /* PosterView.swift in Sources */ = {isa = PBXBuildFile; fileRef = 81A395D629F40E0D00800F7E /* PosterView.swift */; };
		81A395D929F4104B00800F7E /* SlidingCardView.swift in Sources */ = {isa = PBXBuildFile; fileRef = 81A395D829F4104B00800F7E /* SlidingCardView.swift */; };
		81A395DB29F4191A00800F7E /* ArtistContentView.swift in Sources */ = {isa = PBXBuildFile; fileRef = 81A395DA29F4191A00800F7E /* ArtistContentView.swift */; };
		81A395DF29F528FA00800F7E /* SpecsView.swift in Sources */ = {isa = PBXBuildFile; fileRef = 81A395DE29F528FA00800F7E /* SpecsView.swift */; };
		81A395E329F5994900800F7E /* ExpandibleOverviewView.swift in Sources */ = {isa = PBXBuildFile; fileRef = 81A395E229F5994900800F7E /* ExpandibleOverviewView.swift */; };
		81A69CC3290BCC3400724FB9 /* CircularRatingView.swift in Sources */ = {isa = PBXBuildFile; fileRef = 81A69CC2290BCC3400724FB9 /* CircularRatingView.swift */; };
		81B29B002A3C6BD10095F76B /* Assets.xcassets in Resources */ = {isa = PBXBuildFile; fileRef = 8169FB2028C204450054BCE6 /* Assets.xcassets */; };
		81B7DBF72A1400C500AF9118 /* ExploreVerticalSectionView.swift in Sources */ = {isa = PBXBuildFile; fileRef = 81B7DBF62A1400C500AF9118 /* ExploreVerticalSectionView.swift */; };
		81B7DBF92A14050300AF9118 /* ExploreHorizontalSectionView.swift in Sources */ = {isa = PBXBuildFile; fileRef = 81B7DBF82A14050300AF9118 /* ExploreHorizontalSectionView.swift */; };
		81B7DBFB2A14BE1A00AF9118 /* ExploreContentViewModel.swift in Sources */ = {isa = PBXBuildFile; fileRef = 81B7DBFA2A14BE1A00AF9118 /* ExploreContentViewModel.swift */; };
		81B7DBFF2A162F3500AF9118 /* EmptyWatchlistView.swift in Sources */ = {isa = PBXBuildFile; fileRef = 81B7DBFE2A162F3500AF9118 /* EmptyWatchlistView.swift */; };
		81D254742A066836006EBC1F /* RetriableErrorView.swift in Sources */ = {isa = PBXBuildFile; fileRef = 81D254732A066836006EBC1F /* RetriableErrorView.swift */; };
		81D60DA72A312D060045AA0B /* RemoteImage.swift in Sources */ = {isa = PBXBuildFile; fileRef = 81D60DA62A312D060045AA0B /* RemoteImage.swift */; };
		81D60DB22A3341760045AA0B /* WidgetKit.framework in Frameworks */ = {isa = PBXBuildFile; fileRef = 81D60D8E2A30F3860045AA0B /* WidgetKit.framework */; };
		81D60DB32A3341760045AA0B /* SwiftUI.framework in Frameworks */ = {isa = PBXBuildFile; fileRef = 81D60D902A30F3860045AA0B /* SwiftUI.framework */; };
		81D60DB62A3341760045AA0B /* WatchNextWidgetBundle.swift in Sources */ = {isa = PBXBuildFile; fileRef = 81D60DB52A3341760045AA0B /* WatchNextWidgetBundle.swift */; };
		81D60DB82A3341760045AA0B /* WatchNextWidget.swift in Sources */ = {isa = PBXBuildFile; fileRef = 81D60DB72A3341760045AA0B /* WatchNextWidget.swift */; };
		81D60DBA2A3341770045AA0B /* Assets.xcassets in Resources */ = {isa = PBXBuildFile; fileRef = 81D60DB92A3341770045AA0B /* Assets.xcassets */; };
		81D60DBE2A3341770045AA0B /* WatchNextWidgetExtension.appex in Embed Foundation Extensions */ = {isa = PBXBuildFile; fileRef = 81D60DB12A3341760045AA0B /* WatchNextWidgetExtension.appex */; settings = {ATTRIBUTES = (RemoveHeadersOnCopy, ); }; };
		81D60DC62A33420B0045AA0B /* WatchNextWidgetTimelineProvider.swift in Sources */ = {isa = PBXBuildFile; fileRef = 81D60DC22A3341C10045AA0B /* WatchNextWidgetTimelineProvider.swift */; };
		81D60DD82A3343940045AA0B /* WatchProviders.swift in Sources */ = {isa = PBXBuildFile; fileRef = 81B7DBF42A13F7B900AF9118 /* WatchProviders.swift */; };
		81D60DD92A3343940045AA0B /* MovieCollection.swift in Sources */ = {isa = PBXBuildFile; fileRef = 81C7A5EE28D45B8B00AA24E3 /* MovieCollection.swift */; };
		81D60DDA2A3343940045AA0B /* Artist.swift in Sources */ = {isa = PBXBuildFile; fileRef = 812489C529F1586A004A6BE6 /* Artist.swift */; };
		81D60DDB2A3343940045AA0B /* MovieProduction.swift in Sources */ = {isa = PBXBuildFile; fileRef = 81CDE61C2914FED300A34BBC /* MovieProduction.swift */; };
		81D60DDC2A3343940045AA0B /* WatchProviderCollection.swift in Sources */ = {isa = PBXBuildFile; fileRef = 8175D6422A095150006BEE8E /* WatchProviderCollection.swift */; };
		81D60DDD2A3343940045AA0B /* WatchProvider.swift in Sources */ = {isa = PBXBuildFile; fileRef = 8175D6402A0940E3006BEE8E /* WatchProvider.swift */; };
		81D60DDE2A3343940045AA0B /* ArtistDetails.swift in Sources */ = {isa = PBXBuildFile; fileRef = 812489C329F15847004A6BE6 /* ArtistDetails.swift */; };
		81D60DDF2A3343940045AA0B /* MovieMedia.swift in Sources */ = {isa = PBXBuildFile; fileRef = 8128AB1928F003AB002FD343 /* MovieMedia.swift */; };
		81D60DE02A3343940045AA0B /* MovieDetails.swift in Sources */ = {isa = PBXBuildFile; fileRef = 81C7A5EC28D45B7F00AA24E3 /* MovieDetails.swift */; };
		81D60DE12A3343940045AA0B /* MovieVideo.swift in Sources */ = {isa = PBXBuildFile; fileRef = 81CDE62229150D3000A34BBC /* MovieVideo.swift */; };
		81D60DE22A3343940045AA0B /* Movie.swift in Sources */ = {isa = PBXBuildFile; fileRef = 8169FB5A28C207A40054BCE6 /* Movie.swift */; };
		81D60DE32A3343940045AA0B /* MovieGenre.swift in Sources */ = {isa = PBXBuildFile; fileRef = 810A9934290ED832005A33EE /* MovieGenre.swift */; };
		81D60DE42A3343940045AA0B /* Rating.swift in Sources */ = {isa = PBXBuildFile; fileRef = 81A69CC4290C398200724FB9 /* Rating.swift */; };
		81D60DE52A3343940045AA0B /* MoneyValue.swift in Sources */ = {isa = PBXBuildFile; fileRef = 81CDE61E2915073B00A34BBC /* MoneyValue.swift */; };
		81D60DEC2A3345480045AA0B /* libMoviebookCommons.a in Frameworks */ = {isa = PBXBuildFile; fileRef = 81D60DCD2A33432F0045AA0B /* libMoviebookCommons.a */; };
		81D60DEF2A334AC30045AA0B /* libMoviebookCommons.a in Frameworks */ = {isa = PBXBuildFile; fileRef = 81D60DCD2A33432F0045AA0B /* libMoviebookCommons.a */; };
		81D60DF42A3350B40045AA0B /* LegacyWatchlistStorage.swift in Sources */ = {isa = PBXBuildFile; fileRef = 8127B5462A07C07B00FE0DBC /* LegacyWatchlistStorage.swift */; };
		81D60DF52A3350B40045AA0B /* WatchlistStorage.swift in Sources */ = {isa = PBXBuildFile; fileRef = 81D2546F2A05AD3E006EBC1F /* WatchlistStorage.swift */; };
		81D60DF62A3350B40045AA0B /* Storage.swift in Sources */ = {isa = PBXBuildFile; fileRef = 8194DF712A04FACD00A3FC2D /* Storage.swift */; };
		81D60DF82A33528A0045AA0B /* WatchNextStorage.swift in Sources */ = {isa = PBXBuildFile; fileRef = 81D60DF72A33528A0045AA0B /* WatchNextStorage.swift */; };
		81D60DFB2A3352E20045AA0B /* MovieWebService.swift in Sources */ = {isa = PBXBuildFile; fileRef = 81D60DFA2A3352E20045AA0B /* MovieWebService.swift */; };
		81D60DFE2A33550C0045AA0B /* Watchlist.swift in Sources */ = {isa = PBXBuildFile; fileRef = 8169FB5C28C207ED0054BCE6 /* Watchlist.swift */; };
		81D60DFF2A33567A0045AA0B /* Moviebook.xcdatamodeld in Sources */ = {isa = PBXBuildFile; fileRef = 8169FB2728C204450054BCE6 /* Moviebook.xcdatamodeld */; };
		81D60E002A335A4D0045AA0B /* ImageLoader.swift in Sources */ = {isa = PBXBuildFile; fileRef = 81D60DA42A312BF40045AA0B /* ImageLoader.swift */; };
		81D60E072A3484E60045AA0B /* Preview Assets.xcassets in Resources */ = {isa = PBXBuildFile; fileRef = 81D60E062A3484E60045AA0B /* Preview Assets.xcassets */; };
		81D60E0A2A3493130045AA0B /* SequenceExtensions.swift in Sources */ = {isa = PBXBuildFile; fileRef = 81D60E092A3493130045AA0B /* SequenceExtensions.swift */; };
		81D60E0B2A349C340045AA0B /* Deeplink.swift in Sources */ = {isa = PBXBuildFile; fileRef = 817C42A829FC66EB00FB3FD6 /* Deeplink.swift */; };
		81EEB7932A35A762008D031A /* SearchWebService.swift in Sources */ = {isa = PBXBuildFile; fileRef = 81EEB7922A35A762008D031A /* SearchWebService.swift */; };
		81EEB7952A35A7B4008D031A /* ArtistWebService.swift in Sources */ = {isa = PBXBuildFile; fileRef = 81EEB7942A35A7B4008D031A /* ArtistWebService.swift */; };
		81FCB2932A18E5BB00BFD280 /* WatchlistPrompt.swift in Sources */ = {isa = PBXBuildFile; fileRef = 81FCB2922A18E5BB00BFD280 /* WatchlistPrompt.swift */; };
/* End PBXBuildFile section */

/* Begin PBXContainerItemProxy section */
		8169FB2F28C204450054BCE6 /* PBXContainerItemProxy */ = {
			isa = PBXContainerItemProxy;
			containerPortal = 8169FB1128C204450054BCE6 /* Project object */;
			proxyType = 1;
			remoteGlobalIDString = 8169FB1828C204450054BCE6;
			remoteInfo = Moviebook;
		};
		8169FB3928C204450054BCE6 /* PBXContainerItemProxy */ = {
			isa = PBXContainerItemProxy;
			containerPortal = 8169FB1128C204450054BCE6 /* Project object */;
			proxyType = 1;
			remoteGlobalIDString = 8169FB1828C204450054BCE6;
			remoteInfo = Moviebook;
		};
		81D60DBC2A3341770045AA0B /* PBXContainerItemProxy */ = {
			isa = PBXContainerItemProxy;
			containerPortal = 8169FB1128C204450054BCE6 /* Project object */;
			proxyType = 1;
			remoteGlobalIDString = 81D60DB02A3341760045AA0B;
			remoteInfo = WatchNextWidgetExtension;
		};
		81D60DED2A3345480045AA0B /* PBXContainerItemProxy */ = {
			isa = PBXContainerItemProxy;
			containerPortal = 8169FB1128C204450054BCE6 /* Project object */;
			proxyType = 1;
			remoteGlobalIDString = 81D60DCC2A33432F0045AA0B;
			remoteInfo = MoviebookCommons;
		};
		81D60DF02A334AC30045AA0B /* PBXContainerItemProxy */ = {
			isa = PBXContainerItemProxy;
			containerPortal = 8169FB1128C204450054BCE6 /* Project object */;
			proxyType = 1;
			remoteGlobalIDString = 81D60DCC2A33432F0045AA0B;
			remoteInfo = MoviebookCommons;
		};
/* End PBXContainerItemProxy section */

/* Begin PBXCopyFilesBuildPhase section */
		81D60DA02A30F3870045AA0B /* Embed Foundation Extensions */ = {
			isa = PBXCopyFilesBuildPhase;
			buildActionMask = 2147483647;
			dstPath = "";
			dstSubfolderSpec = 13;
			files = (
				81D60DBE2A3341770045AA0B /* WatchNextWidgetExtension.appex in Embed Foundation Extensions */,
			);
			name = "Embed Foundation Extensions";
			runOnlyForDeploymentPostprocessing = 0;
		};
		81D60DCB2A33432F0045AA0B /* CopyFiles */ = {
			isa = PBXCopyFilesBuildPhase;
			buildActionMask = 2147483647;
			dstPath = "include/$(PRODUCT_NAME)";
			dstSubfolderSpec = 16;
			files = (
			);
			runOnlyForDeploymentPostprocessing = 0;
		};
/* End PBXCopyFilesBuildPhase section */

/* Begin PBXFileReference section */
		810A9934290ED832005A33EE /* MovieGenre.swift */ = {isa = PBXFileReference; lastKnownFileType = sourcecode.swift; path = MovieGenre.swift; sourceTree = "<group>"; };
		8112AF0429152FA80041475D /* MovieVideoPlayer.swift */ = {isa = PBXFileReference; lastKnownFileType = sourcecode.swift; path = MovieVideoPlayer.swift; sourceTree = "<group>"; };
		8112AF0629153EA60041475D /* WatermarkView.swift */ = {isa = PBXFileReference; lastKnownFileType = sourcecode.swift; path = WatermarkView.swift; sourceTree = "<group>"; };
		8112AF0A2916DF5D0041475D /* MovieWatchlistStateView.swift */ = {isa = PBXFileReference; lastKnownFileType = sourcecode.swift; path = MovieWatchlistStateView.swift; sourceTree = "<group>"; };
		81167A582A3F01C200B83369 /* OvalTextFieldStyle.swift */ = {isa = PBXFileReference; lastKnownFileType = sourcecode.swift; path = OvalTextFieldStyle.swift; sourceTree = "<group>"; };
		81167A5C2A3F02D500B83369 /* OvalButtonStyle.swift */ = {isa = PBXFileReference; lastKnownFileType = sourcecode.swift; path = OvalButtonStyle.swift; sourceTree = "<group>"; };
		812489BC29F04E85004A6BE6 /* WebServiceError.swift */ = {isa = PBXFileReference; fileEncoding = 4; lastKnownFileType = sourcecode.swift; path = WebServiceError.swift; sourceTree = "<group>"; };
		812489BF29F152C4004A6BE6 /* ExploreViewModel.swift */ = {isa = PBXFileReference; lastKnownFileType = sourcecode.swift; path = ExploreViewModel.swift; sourceTree = "<group>"; };
		812489C129F15307004A6BE6 /* SearchViewModel.swift */ = {isa = PBXFileReference; lastKnownFileType = sourcecode.swift; path = SearchViewModel.swift; sourceTree = "<group>"; };
		812489C329F15847004A6BE6 /* ArtistDetails.swift */ = {isa = PBXFileReference; lastKnownFileType = sourcecode.swift; path = ArtistDetails.swift; sourceTree = "<group>"; };
		812489C529F1586A004A6BE6 /* Artist.swift */ = {isa = PBXFileReference; lastKnownFileType = sourcecode.swift; path = Artist.swift; sourceTree = "<group>"; };
		812489CA29F15EC1004A6BE6 /* ArtistPreviewView.swift */ = {isa = PBXFileReference; lastKnownFileType = sourcecode.swift; path = ArtistPreviewView.swift; sourceTree = "<group>"; };
		8127B5462A07C07B00FE0DBC /* LegacyWatchlistStorage.swift */ = {isa = PBXFileReference; lastKnownFileType = sourcecode.swift; path = LegacyWatchlistStorage.swift; sourceTree = "<group>"; };
		8127C49A2A114778008C6EBC /* SegmentedPicker.swift */ = {isa = PBXFileReference; lastKnownFileType = sourcecode.swift; path = SegmentedPicker.swift; sourceTree = "<group>"; };
		8128AB1328DF106C002FD343 /* SearchWebService.swift */ = {isa = PBXFileReference; lastKnownFileType = sourcecode.swift; path = SearchWebService.swift; sourceTree = "<group>"; };
		8128AB1528E0BECF002FD343 /* MovieContentView.swift */ = {isa = PBXFileReference; lastKnownFileType = sourcecode.swift; path = MovieContentView.swift; sourceTree = "<group>"; };
		8128AB1728E0C1D9002FD343 /* MoviePreviewView.swift */ = {isa = PBXFileReference; lastKnownFileType = sourcecode.swift; path = MoviePreviewView.swift; sourceTree = "<group>"; };
		8128AB1928F003AB002FD343 /* MovieMedia.swift */ = {isa = PBXFileReference; lastKnownFileType = sourcecode.swift; path = MovieMedia.swift; sourceTree = "<group>"; };
		8128AB1B28F00CB6002FD343 /* RatingView.swift */ = {isa = PBXFileReference; lastKnownFileType = sourcecode.swift; path = RatingView.swift; sourceTree = "<group>"; };
		812E83C1294CC0F900D40E21 /* NewToWatchSuggestionView.swift */ = {isa = PBXFileReference; lastKnownFileType = sourcecode.swift; path = NewToWatchSuggestionView.swift; sourceTree = "<group>"; };
		812E83C3294DCEC600D40E21 /* NewWatchedRatingView.swift */ = {isa = PBXFileReference; lastKnownFileType = sourcecode.swift; path = NewWatchedRatingView.swift; sourceTree = "<group>"; };
		814A13E628F0488100477126 /* WatchlistButton.swift */ = {isa = PBXFileReference; lastKnownFileType = sourcecode.swift; path = WatchlistButton.swift; sourceTree = "<group>"; };
		814D46CF28C2224A000D7ABD /* Response.swift */ = {isa = PBXFileReference; lastKnownFileType = sourcecode.swift; path = Response.swift; sourceTree = "<group>"; };
		814D46D128C22347000D7ABD /* Request.swift */ = {isa = PBXFileReference; lastKnownFileType = sourcecode.swift; path = Request.swift; sourceTree = "<group>"; };
		814D46DA28C22772000D7ABD /* en */ = {isa = PBXFileReference; lastKnownFileType = text.plist.strings; name = en; path = en.lproj/Localizable.strings; sourceTree = "<group>"; };
		814D46DC28C22774000D7ABD /* it */ = {isa = PBXFileReference; lastKnownFileType = text.plist.strings; name = it; path = it.lproj/Localizable.strings; sourceTree = "<group>"; };
		814D46DE28C23062000D7ABD /* RequestManager.swift */ = {isa = PBXFileReference; lastKnownFileType = sourcecode.swift; path = RequestManager.swift; sourceTree = "<group>"; };
		814D46E028C2391D000D7ABD /* MockServer.swift */ = {isa = PBXFileReference; lastKnownFileType = sourcecode.swift; path = MockServer.swift; sourceTree = "<group>"; };
		814D46E428C23999000D7ABD /* MockRequestManager.swift */ = {isa = PBXFileReference; lastKnownFileType = sourcecode.swift; path = MockRequestManager.swift; sourceTree = "<group>"; };
		814D46E828C23CED000D7ABD /* Mocks */ = {isa = PBXFileReference; lastKnownFileType = folder; path = Mocks; sourceTree = "<group>"; };
		814D46EA28C26E6B000D7ABD /* MovieWebService.swift */ = {isa = PBXFileReference; lastKnownFileType = sourcecode.swift; path = MovieWebService.swift; sourceTree = "<group>"; };
		8152570529F6A03E00B05522 /* Navigation.swift */ = {isa = PBXFileReference; lastKnownFileType = sourcecode.swift; path = Navigation.swift; sourceTree = "<group>"; };
		8169FB1928C204450054BCE6 /* Moviebook.app */ = {isa = PBXFileReference; explicitFileType = wrapper.application; includeInIndex = 0; path = Moviebook.app; sourceTree = BUILT_PRODUCTS_DIR; };
		8169FB1C28C204450054BCE6 /* MoviebookApp.swift */ = {isa = PBXFileReference; lastKnownFileType = sourcecode.swift; path = MoviebookApp.swift; sourceTree = "<group>"; };
		8169FB1E28C204450054BCE6 /* WatchlistView.swift */ = {isa = PBXFileReference; lastKnownFileType = sourcecode.swift; path = WatchlistView.swift; sourceTree = "<group>"; };
		8169FB2028C204450054BCE6 /* Assets.xcassets */ = {isa = PBXFileReference; lastKnownFileType = folder.assetcatalog; path = Assets.xcassets; sourceTree = "<group>"; };
		8169FB2328C204450054BCE6 /* Preview Assets.xcassets */ = {isa = PBXFileReference; lastKnownFileType = folder.assetcatalog; path = "Preview Assets.xcassets"; sourceTree = "<group>"; };
		8169FB2828C204450054BCE6 /* Moviebook.xcdatamodel */ = {isa = PBXFileReference; lastKnownFileType = wrapper.xcdatamodel; path = Moviebook.xcdatamodel; sourceTree = "<group>"; };
		8169FB2E28C204450054BCE6 /* MoviebookTests.xctest */ = {isa = PBXFileReference; explicitFileType = wrapper.cfbundle; includeInIndex = 0; path = MoviebookTests.xctest; sourceTree = BUILT_PRODUCTS_DIR; };
		8169FB3228C204450054BCE6 /* MoviebookTests.swift */ = {isa = PBXFileReference; lastKnownFileType = sourcecode.swift; path = MoviebookTests.swift; sourceTree = "<group>"; };
		8169FB3828C204450054BCE6 /* MoviebookUITests.xctest */ = {isa = PBXFileReference; explicitFileType = wrapper.cfbundle; includeInIndex = 0; path = MoviebookUITests.xctest; sourceTree = BUILT_PRODUCTS_DIR; };
		8169FB3C28C204450054BCE6 /* MoviebookUITests.swift */ = {isa = PBXFileReference; lastKnownFileType = sourcecode.swift; path = MoviebookUITests.swift; sourceTree = "<group>"; };
		8169FB3E28C204450054BCE6 /* MoviebookUITestsLaunchTests.swift */ = {isa = PBXFileReference; lastKnownFileType = sourcecode.swift; path = MoviebookUITestsLaunchTests.swift; sourceTree = "<group>"; };
		8169FB4C28C2051E0054BCE6 /* README.md */ = {isa = PBXFileReference; lastKnownFileType = net.daringfireball.markdown; name = README.md; path = ../README.md; sourceTree = "<group>"; };
		8169FB4D28C2051E0054BCE6 /* LICENSE.md */ = {isa = PBXFileReference; lastKnownFileType = net.daringfireball.markdown; name = LICENSE.md; path = ../LICENSE.md; sourceTree = "<group>"; };
		8169FB5A28C207A40054BCE6 /* Movie.swift */ = {isa = PBXFileReference; lastKnownFileType = sourcecode.swift; path = Movie.swift; sourceTree = "<group>"; };
		8169FB5C28C207ED0054BCE6 /* Watchlist.swift */ = {isa = PBXFileReference; lastKnownFileType = sourcecode.swift; path = Watchlist.swift; sourceTree = "<group>"; };
		8169FB5E28C20C420054BCE6 /* ExploreView.swift */ = {isa = PBXFileReference; lastKnownFileType = sourcecode.swift; path = ExploreView.swift; sourceTree = "<group>"; };
		8175D6402A0940E3006BEE8E /* WatchProvider.swift */ = {isa = PBXFileReference; lastKnownFileType = sourcecode.swift; path = WatchProvider.swift; sourceTree = "<group>"; };
		8175D6422A095150006BEE8E /* WatchProviderCollection.swift */ = {isa = PBXFileReference; lastKnownFileType = sourcecode.swift; path = WatchProviderCollection.swift; sourceTree = "<group>"; };
		817C42A629FC190C00FB3FD6 /* WatchlistViewModel.swift */ = {isa = PBXFileReference; lastKnownFileType = sourcecode.swift; path = WatchlistViewModel.swift; sourceTree = "<group>"; };
		817C42A829FC66EB00FB3FD6 /* Deeplink.swift */ = {isa = PBXFileReference; lastKnownFileType = sourcecode.swift; path = Deeplink.swift; sourceTree = "<group>"; };
		817C42AB29FD2D5200FB3FD6 /* Moviebook.entitlements */ = {isa = PBXFileReference; lastKnownFileType = text.plist.entitlements; path = Moviebook.entitlements; sourceTree = "<group>"; };
		81828AC928DDB736006D696C /* MovieView.swift */ = {isa = PBXFileReference; lastKnownFileType = sourcecode.swift; path = MovieView.swift; sourceTree = "<group>"; };
		81828ACB28DDC7A4006D696C /* ObservableScrollView.swift */ = {isa = PBXFileReference; lastKnownFileType = sourcecode.swift; path = ObservableScrollView.swift; sourceTree = "<group>"; };
		8194DF5F29FE746D00A3FC2D /* MovieViewModel.swift */ = {isa = PBXFileReference; lastKnownFileType = sourcecode.swift; path = MovieViewModel.swift; sourceTree = "<group>"; };
		8194DF6229FE754800A3FC2D /* ArtistViewModel.swift */ = {isa = PBXFileReference; lastKnownFileType = sourcecode.swift; path = ArtistViewModel.swift; sourceTree = "<group>"; };
		8194DF712A04FACD00A3FC2D /* Storage.swift */ = {isa = PBXFileReference; lastKnownFileType = sourcecode.swift; path = Storage.swift; sourceTree = "<group>"; };
		81989ED12A08F9CA00547584 /* Spotlight.swift */ = {isa = PBXFileReference; lastKnownFileType = sourcecode.swift; path = Spotlight.swift; sourceTree = "<group>"; };
		81A395D029F402CE00800F7E /* ArtistWebService.swift */ = {isa = PBXFileReference; lastKnownFileType = sourcecode.swift; path = ArtistWebService.swift; sourceTree = "<group>"; };
		81A395D229F40B8700800F7E /* ArtistView.swift */ = {isa = PBXFileReference; lastKnownFileType = sourcecode.swift; path = ArtistView.swift; sourceTree = "<group>"; };
		81A395D429F40CD200800F7E /* LoaderView.swift */ = {isa = PBXFileReference; lastKnownFileType = sourcecode.swift; path = LoaderView.swift; sourceTree = "<group>"; };
		81A395D629F40E0D00800F7E /* PosterView.swift */ = {isa = PBXFileReference; lastKnownFileType = sourcecode.swift; path = PosterView.swift; sourceTree = "<group>"; };
		81A395D829F4104B00800F7E /* SlidingCardView.swift */ = {isa = PBXFileReference; lastKnownFileType = sourcecode.swift; path = SlidingCardView.swift; sourceTree = "<group>"; };
		81A395DA29F4191A00800F7E /* ArtistContentView.swift */ = {isa = PBXFileReference; lastKnownFileType = sourcecode.swift; path = ArtistContentView.swift; sourceTree = "<group>"; };
		81A395DE29F528FA00800F7E /* SpecsView.swift */ = {isa = PBXFileReference; lastKnownFileType = sourcecode.swift; path = SpecsView.swift; sourceTree = "<group>"; };
		81A395E229F5994900800F7E /* ExpandibleOverviewView.swift */ = {isa = PBXFileReference; lastKnownFileType = sourcecode.swift; path = ExpandibleOverviewView.swift; sourceTree = "<group>"; };
		81A69CC2290BCC3400724FB9 /* CircularRatingView.swift */ = {isa = PBXFileReference; lastKnownFileType = sourcecode.swift; path = CircularRatingView.swift; sourceTree = "<group>"; };
		81A69CC4290C398200724FB9 /* Rating.swift */ = {isa = PBXFileReference; lastKnownFileType = sourcecode.swift; path = Rating.swift; sourceTree = "<group>"; };
		81A69CC6290E7AC000724FB9 /* Info.plist */ = {isa = PBXFileReference; lastKnownFileType = text.plist; path = Info.plist; sourceTree = "<group>"; };
		81B7DBF42A13F7B900AF9118 /* WatchProviders.swift */ = {isa = PBXFileReference; lastKnownFileType = sourcecode.swift; path = WatchProviders.swift; sourceTree = "<group>"; };
		81B7DBF62A1400C500AF9118 /* ExploreVerticalSectionView.swift */ = {isa = PBXFileReference; lastKnownFileType = sourcecode.swift; path = ExploreVerticalSectionView.swift; sourceTree = "<group>"; };
		81B7DBF82A14050300AF9118 /* ExploreHorizontalSectionView.swift */ = {isa = PBXFileReference; lastKnownFileType = sourcecode.swift; path = ExploreHorizontalSectionView.swift; sourceTree = "<group>"; };
		81B7DBFA2A14BE1A00AF9118 /* ExploreContentViewModel.swift */ = {isa = PBXFileReference; lastKnownFileType = sourcecode.swift; path = ExploreContentViewModel.swift; sourceTree = "<group>"; };
		81B7DBFE2A162F3500AF9118 /* EmptyWatchlistView.swift */ = {isa = PBXFileReference; lastKnownFileType = sourcecode.swift; path = EmptyWatchlistView.swift; sourceTree = "<group>"; };
		81C7A5EC28D45B7F00AA24E3 /* MovieDetails.swift */ = {isa = PBXFileReference; lastKnownFileType = sourcecode.swift; path = MovieDetails.swift; sourceTree = "<group>"; };
		81C7A5EE28D45B8B00AA24E3 /* MovieCollection.swift */ = {isa = PBXFileReference; lastKnownFileType = sourcecode.swift; path = MovieCollection.swift; sourceTree = "<group>"; };
		81CDE61C2914FED300A34BBC /* MovieProduction.swift */ = {isa = PBXFileReference; lastKnownFileType = sourcecode.swift; path = MovieProduction.swift; sourceTree = "<group>"; };
		81CDE61E2915073B00A34BBC /* MoneyValue.swift */ = {isa = PBXFileReference; lastKnownFileType = sourcecode.swift; path = MoneyValue.swift; sourceTree = "<group>"; };
		81CDE62229150D3000A34BBC /* MovieVideo.swift */ = {isa = PBXFileReference; lastKnownFileType = sourcecode.swift; path = MovieVideo.swift; sourceTree = "<group>"; };
		81D2546F2A05AD3E006EBC1F /* WatchlistStorage.swift */ = {isa = PBXFileReference; lastKnownFileType = sourcecode.swift; path = WatchlistStorage.swift; sourceTree = "<group>"; };
		81D254732A066836006EBC1F /* RetriableErrorView.swift */ = {isa = PBXFileReference; lastKnownFileType = sourcecode.swift; path = RetriableErrorView.swift; sourceTree = "<group>"; };
		81D60D8E2A30F3860045AA0B /* WidgetKit.framework */ = {isa = PBXFileReference; lastKnownFileType = wrapper.framework; name = WidgetKit.framework; path = System/Library/Frameworks/WidgetKit.framework; sourceTree = SDKROOT; };
		81D60D902A30F3860045AA0B /* SwiftUI.framework */ = {isa = PBXFileReference; lastKnownFileType = wrapper.framework; name = SwiftUI.framework; path = System/Library/Frameworks/SwiftUI.framework; sourceTree = SDKROOT; };
		81D60DA42A312BF40045AA0B /* ImageLoader.swift */ = {isa = PBXFileReference; lastKnownFileType = sourcecode.swift; path = ImageLoader.swift; sourceTree = "<group>"; };
		81D60DA62A312D060045AA0B /* RemoteImage.swift */ = {isa = PBXFileReference; lastKnownFileType = sourcecode.swift; path = RemoteImage.swift; sourceTree = "<group>"; };
		81D60DB12A3341760045AA0B /* WatchNextWidgetExtension.appex */ = {isa = PBXFileReference; explicitFileType = "wrapper.app-extension"; includeInIndex = 0; path = WatchNextWidgetExtension.appex; sourceTree = BUILT_PRODUCTS_DIR; };
		81D60DB52A3341760045AA0B /* WatchNextWidgetBundle.swift */ = {isa = PBXFileReference; lastKnownFileType = sourcecode.swift; path = WatchNextWidgetBundle.swift; sourceTree = "<group>"; };
		81D60DB72A3341760045AA0B /* WatchNextWidget.swift */ = {isa = PBXFileReference; lastKnownFileType = sourcecode.swift; path = WatchNextWidget.swift; sourceTree = "<group>"; };
		81D60DB92A3341770045AA0B /* Assets.xcassets */ = {isa = PBXFileReference; lastKnownFileType = folder.assetcatalog; path = Assets.xcassets; sourceTree = "<group>"; };
		81D60DBB2A3341770045AA0B /* Info.plist */ = {isa = PBXFileReference; lastKnownFileType = text.plist.xml; path = Info.plist; sourceTree = "<group>"; };
		81D60DC22A3341C10045AA0B /* WatchNextWidgetTimelineProvider.swift */ = {isa = PBXFileReference; lastKnownFileType = sourcecode.swift; path = WatchNextWidgetTimelineProvider.swift; sourceTree = "<group>"; };
		81D60DCD2A33432F0045AA0B /* libMoviebookCommons.a */ = {isa = PBXFileReference; explicitFileType = archive.ar; includeInIndex = 0; path = libMoviebookCommons.a; sourceTree = BUILT_PRODUCTS_DIR; };
		81D60DF72A33528A0045AA0B /* WatchNextStorage.swift */ = {isa = PBXFileReference; lastKnownFileType = sourcecode.swift; path = WatchNextStorage.swift; sourceTree = "<group>"; };
		81D60DFA2A3352E20045AA0B /* MovieWebService.swift */ = {isa = PBXFileReference; lastKnownFileType = sourcecode.swift; path = MovieWebService.swift; sourceTree = "<group>"; };
		81D60E012A335DF20045AA0B /* WatchNextWidgetExtension.entitlements */ = {isa = PBXFileReference; lastKnownFileType = text.plist.entitlements; path = WatchNextWidgetExtension.entitlements; sourceTree = "<group>"; };
		81D60E062A3484E60045AA0B /* Preview Assets.xcassets */ = {isa = PBXFileReference; lastKnownFileType = folder.assetcatalog; path = "Preview Assets.xcassets"; sourceTree = "<group>"; };
		81D60E092A3493130045AA0B /* SequenceExtensions.swift */ = {isa = PBXFileReference; lastKnownFileType = sourcecode.swift; path = SequenceExtensions.swift; sourceTree = "<group>"; };
		81EEB7922A35A762008D031A /* SearchWebService.swift */ = {isa = PBXFileReference; lastKnownFileType = sourcecode.swift; path = SearchWebService.swift; sourceTree = "<group>"; };
		81EEB7942A35A7B4008D031A /* ArtistWebService.swift */ = {isa = PBXFileReference; lastKnownFileType = sourcecode.swift; path = ArtistWebService.swift; sourceTree = "<group>"; };
		81FCB2922A18E5BB00BFD280 /* WatchlistPrompt.swift */ = {isa = PBXFileReference; lastKnownFileType = sourcecode.swift; path = WatchlistPrompt.swift; sourceTree = "<group>"; };
/* End PBXFileReference section */

/* Begin PBXFrameworksBuildPhase section */
		8169FB1628C204450054BCE6 /* Frameworks */ = {
			isa = PBXFrameworksBuildPhase;
			buildActionMask = 2147483647;
			files = (
				81D60DEC2A3345480045AA0B /* libMoviebookCommons.a in Frameworks */,
				8112AF0329152F900041475D /* YouTubePlayerKit in Frameworks */,
			);
			runOnlyForDeploymentPostprocessing = 0;
		};
		8169FB2B28C204450054BCE6 /* Frameworks */ = {
			isa = PBXFrameworksBuildPhase;
			buildActionMask = 2147483647;
			files = (
			);
			runOnlyForDeploymentPostprocessing = 0;
		};
		8169FB3528C204450054BCE6 /* Frameworks */ = {
			isa = PBXFrameworksBuildPhase;
			buildActionMask = 2147483647;
			files = (
			);
			runOnlyForDeploymentPostprocessing = 0;
		};
		81D60DAE2A3341760045AA0B /* Frameworks */ = {
			isa = PBXFrameworksBuildPhase;
			buildActionMask = 2147483647;
			files = (
				81D60DB32A3341760045AA0B /* SwiftUI.framework in Frameworks */,
				81D60DEF2A334AC30045AA0B /* libMoviebookCommons.a in Frameworks */,
				81D60DB22A3341760045AA0B /* WidgetKit.framework in Frameworks */,
			);
			runOnlyForDeploymentPostprocessing = 0;
		};
		81D60DCA2A33432F0045AA0B /* Frameworks */ = {
			isa = PBXFrameworksBuildPhase;
			buildActionMask = 2147483647;
			files = (
			);
			runOnlyForDeploymentPostprocessing = 0;
		};
/* End PBXFrameworksBuildPhase section */

/* Begin PBXGroup section */
		8112AF082916DF010041475D /* Movie */ = {
			isa = PBXGroup;
			children = (
				8194DF5E29FE746200A3FC2D /* View Model */,
				81828AC928DDB736006D696C /* MovieView.swift */,
				8128AB1528E0BECF002FD343 /* MovieContentView.swift */,
				8128AB1728E0C1D9002FD343 /* MoviePreviewView.swift */,
				8112AF0A2916DF5D0041475D /* MovieWatchlistStateView.swift */,
				8112AF0429152FA80041475D /* MovieVideoPlayer.swift */,
			);
			path = Movie;
			sourceTree = "<group>";
		};
		81167A572A3F01B300B83369 /* Styles */ = {
			isa = PBXGroup;
			children = (
				8127C49A2A114778008C6EBC /* SegmentedPicker.swift */,
				81167A582A3F01C200B83369 /* OvalTextFieldStyle.swift */,
				81167A5C2A3F02D500B83369 /* OvalButtonStyle.swift */,
			);
			path = Styles;
			sourceTree = "<group>";
		};
		81167A5A2A3F021500B83369 /* Extensions */ = {
			isa = PBXGroup;
			children = (
				81828ACB28DDC7A4006D696C /* ObservableScrollView.swift */,
				81D60DA62A312D060045AA0B /* RemoteImage.swift */,
			);
			path = Extensions;
			sourceTree = "<group>";
		};
		81167A5B2A3F022600B83369 /* Reusable Views */ = {
			isa = PBXGroup;
			children = (
				81A395D829F4104B00800F7E /* SlidingCardView.swift */,
				8112AF0629153EA60041475D /* WatermarkView.swift */,
				8128AB1B28F00CB6002FD343 /* RatingView.swift */,
				81A69CC2290BCC3400724FB9 /* CircularRatingView.swift */,
				81A395D429F40CD200800F7E /* LoaderView.swift */,
				81A395D629F40E0D00800F7E /* PosterView.swift */,
				81A395DE29F528FA00800F7E /* SpecsView.swift */,
				81A395E229F5994900800F7E /* ExpandibleOverviewView.swift */,
				81D254732A066836006EBC1F /* RetriableErrorView.swift */,
			);
			path = "Reusable Views";
			sourceTree = "<group>";
		};
		812489BE29F149DD004A6BE6 /* Explore */ = {
			isa = PBXGroup;
			children = (
				8194DF5D29FE668F00A3FC2D /* View Model */,
				8169FB5E28C20C420054BCE6 /* ExploreView.swift */,
				81B7DBF62A1400C500AF9118 /* ExploreVerticalSectionView.swift */,
				81B7DBF82A14050300AF9118 /* ExploreHorizontalSectionView.swift */,
			);
			path = Explore;
			sourceTree = "<group>";
		};
		812489C929F15EAE004A6BE6 /* Artist */ = {
			isa = PBXGroup;
			children = (
				8194DF6429FE754C00A3FC2D /* View Model */,
				81A395D229F40B8700800F7E /* ArtistView.swift */,
				81A395DA29F4191A00800F7E /* ArtistContentView.swift */,
				812489CA29F15EC1004A6BE6 /* ArtistPreviewView.swift */,
			);
			path = Artist;
			sourceTree = "<group>";
		};
		814D46CE28C2221B000D7ABD /* The Movie DB */ = {
			isa = PBXGroup;
			children = (
				814D46D128C22347000D7ABD /* Request.swift */,
				814D46CF28C2224A000D7ABD /* Response.swift */,
			);
			path = "The Movie DB";
			sourceTree = "<group>";
		};
		814D46E328C23989000D7ABD /* Mocks */ = {
			isa = PBXGroup;
			children = (
				814D46E428C23999000D7ABD /* MockRequestManager.swift */,
				814D46E028C2391D000D7ABD /* MockServer.swift */,
			);
			path = Mocks;
			sourceTree = "<group>";
		};
		814D46EC28C27EB3000D7ABD /* Kit */ = {
			isa = PBXGroup;
			children = (
				81167A5A2A3F021500B83369 /* Extensions */,
				81167A572A3F01B300B83369 /* Styles */,
				81167A5B2A3F022600B83369 /* Reusable Views */,
			);
			path = Kit;
			sourceTree = "<group>";
		};
		8169FB1028C204450054BCE6 = {
			isa = PBXGroup;
			children = (
				8169FB4B28C205040054BCE6 /* Metadata */,
				81D60DCE2A33432F0045AA0B /* MoviebookCommons */,
				8169FB1B28C204450054BCE6 /* Moviebook */,
				8169FB3128C204450054BCE6 /* MoviebookTests */,
				8169FB3B28C204450054BCE6 /* MoviebookUITests */,
				81D60DB42A3341760045AA0B /* WatchNextWidget */,
				81D60D8D2A30F3860045AA0B /* Frameworks */,
				8169FB1A28C204450054BCE6 /* Products */,
			);
			sourceTree = "<group>";
		};
		8169FB1A28C204450054BCE6 /* Products */ = {
			isa = PBXGroup;
			children = (
				8169FB1928C204450054BCE6 /* Moviebook.app */,
				8169FB2E28C204450054BCE6 /* MoviebookTests.xctest */,
				8169FB3828C204450054BCE6 /* MoviebookUITests.xctest */,
				81D60DB12A3341760045AA0B /* WatchNextWidgetExtension.appex */,
				81D60DCD2A33432F0045AA0B /* libMoviebookCommons.a */,
			);
			name = Products;
			sourceTree = "<group>";
		};
		8169FB1B28C204450054BCE6 /* Moviebook */ = {
			isa = PBXGroup;
			children = (
				817C42AB29FD2D5200FB3FD6 /* Moviebook.entitlements */,
				81A69CC6290E7AC000724FB9 /* Info.plist */,
				8169FB4E28C205BF0054BCE6 /* Classes */,
				8169FB4F28C205C60054BCE6 /* Resources */,
				8169FB2228C204450054BCE6 /* Preview Content */,
			);
			path = Moviebook;
			sourceTree = "<group>";
		};
		8169FB2228C204450054BCE6 /* Preview Content */ = {
			isa = PBXGroup;
			children = (
				8169FB2328C204450054BCE6 /* Preview Assets.xcassets */,
			);
			path = "Preview Content";
			sourceTree = "<group>";
		};
		8169FB3128C204450054BCE6 /* MoviebookTests */ = {
			isa = PBXGroup;
			children = (
				8169FB3228C204450054BCE6 /* MoviebookTests.swift */,
			);
			path = MoviebookTests;
			sourceTree = "<group>";
		};
		8169FB3B28C204450054BCE6 /* MoviebookUITests */ = {
			isa = PBXGroup;
			children = (
				8169FB3C28C204450054BCE6 /* MoviebookUITests.swift */,
				8169FB3E28C204450054BCE6 /* MoviebookUITestsLaunchTests.swift */,
			);
			path = MoviebookUITests;
			sourceTree = "<group>";
		};
		8169FB4B28C205040054BCE6 /* Metadata */ = {
			isa = PBXGroup;
			children = (
				8169FB4C28C2051E0054BCE6 /* README.md */,
				8169FB4D28C2051E0054BCE6 /* LICENSE.md */,
			);
			name = Metadata;
			sourceTree = "<group>";
		};
		8169FB4E28C205BF0054BCE6 /* Classes */ = {
			isa = PBXGroup;
			children = (
				8169FB1C28C204450054BCE6 /* MoviebookApp.swift */,
				8169FB5728C207750054BCE6 /* Model */,
				8169FB5528C207680054BCE6 /* View */,
			);
			path = Classes;
			sourceTree = "<group>";
		};
		8169FB4F28C205C60054BCE6 /* Resources */ = {
			isa = PBXGroup;
			children = (
				8169FB2728C204450054BCE6 /* Moviebook.xcdatamodeld */,
				814D46E828C23CED000D7ABD /* Mocks */,
				8169FB2028C204450054BCE6 /* Assets.xcassets */,
				814D46DB28C22772000D7ABD /* Localizable.strings */,
			);
			path = Resources;
			sourceTree = "<group>";
		};
		8169FB5528C207680054BCE6 /* View */ = {
			isa = PBXGroup;
			children = (
				814D46EC28C27EB3000D7ABD /* Kit */,
				818FA44D291E8B0700CF6318 /* Watchlist */,
				812489BE29F149DD004A6BE6 /* Explore */,
				8112AF082916DF010041475D /* Movie */,
				812489C929F15EAE004A6BE6 /* Artist */,
			);
			path = View;
			sourceTree = "<group>";
		};
		8169FB5728C207750054BCE6 /* Model */ = {
			isa = PBXGroup;
			children = (
				8152570529F6A03E00B05522 /* Navigation.swift */,
				81989ED12A08F9CA00547584 /* Spotlight.swift */,
				8194DF702A04FABB00A3FC2D /* Storage */,
				8169FB6428C2108A0054BCE6 /* Network */,
			);
			path = Model;
			sourceTree = "<group>";
		};
		8169FB6328C210820054BCE6 /* Entities */ = {
			isa = PBXGroup;
			children = (
				812489C529F1586A004A6BE6 /* Artist.swift */,
				812489C329F15847004A6BE6 /* ArtistDetails.swift */,
				81CDE61E2915073B00A34BBC /* MoneyValue.swift */,
				8169FB5A28C207A40054BCE6 /* Movie.swift */,
				81C7A5EE28D45B8B00AA24E3 /* MovieCollection.swift */,
				81C7A5EC28D45B7F00AA24E3 /* MovieDetails.swift */,
				810A9934290ED832005A33EE /* MovieGenre.swift */,
				8128AB1928F003AB002FD343 /* MovieMedia.swift */,
				81CDE61C2914FED300A34BBC /* MovieProduction.swift */,
				81CDE62229150D3000A34BBC /* MovieVideo.swift */,
				81A69CC4290C398200724FB9 /* Rating.swift */,
				81B7DBF42A13F7B900AF9118 /* WatchProviders.swift */,
				8175D6422A095150006BEE8E /* WatchProviderCollection.swift */,
				8175D6402A0940E3006BEE8E /* WatchProvider.swift */,
			);
			path = Entities;
			sourceTree = "<group>";
		};
		8169FB6428C2108A0054BCE6 /* Network */ = {
			isa = PBXGroup;
			children = (
				81C7A5F428D4621E00AA24E3 /* Web Service */,
				814D46E328C23989000D7ABD /* Mocks */,
			);
			path = Network;
			sourceTree = "<group>";
		};
		818FA44D291E8B0700CF6318 /* Watchlist */ = {
			isa = PBXGroup;
			children = (
				8194DF5C29FE664F00A3FC2D /* View Model */,
				8169FB1E28C204450054BCE6 /* WatchlistView.swift */,
				81B7DBFE2A162F3500AF9118 /* EmptyWatchlistView.swift */,
				814A13E628F0488100477126 /* WatchlistButton.swift */,
				81FCB2922A18E5BB00BFD280 /* WatchlistPrompt.swift */,
				812E83C1294CC0F900D40E21 /* NewToWatchSuggestionView.swift */,
				812E83C3294DCEC600D40E21 /* NewWatchedRatingView.swift */,
			);
			path = Watchlist;
			sourceTree = "<group>";
		};
		8194DF5C29FE664F00A3FC2D /* View Model */ = {
			isa = PBXGroup;
			children = (
				817C42A629FC190C00FB3FD6 /* WatchlistViewModel.swift */,
			);
			path = "View Model";
			sourceTree = "<group>";
		};
		8194DF5D29FE668F00A3FC2D /* View Model */ = {
			isa = PBXGroup;
			children = (
				81B7DBFA2A14BE1A00AF9118 /* ExploreContentViewModel.swift */,
				812489BF29F152C4004A6BE6 /* ExploreViewModel.swift */,
				812489C129F15307004A6BE6 /* SearchViewModel.swift */,
			);
			path = "View Model";
			sourceTree = "<group>";
		};
		8194DF5E29FE746200A3FC2D /* View Model */ = {
			isa = PBXGroup;
			children = (
				8194DF5F29FE746D00A3FC2D /* MovieViewModel.swift */,
			);
			path = "View Model";
			sourceTree = "<group>";
		};
		8194DF6429FE754C00A3FC2D /* View Model */ = {
			isa = PBXGroup;
			children = (
				8194DF6229FE754800A3FC2D /* ArtistViewModel.swift */,
			);
			path = "View Model";
			sourceTree = "<group>";
		};
		8194DF702A04FABB00A3FC2D /* Storage */ = {
			isa = PBXGroup;
			children = (
				8194DF712A04FACD00A3FC2D /* Storage.swift */,
				81D2546F2A05AD3E006EBC1F /* WatchlistStorage.swift */,
				8127B5462A07C07B00FE0DBC /* LegacyWatchlistStorage.swift */,
			);
			path = Storage;
			sourceTree = "<group>";
		};
		81C7A5F428D4621E00AA24E3 /* Web Service */ = {
			isa = PBXGroup;
			children = (
				814D46CE28C2221B000D7ABD /* The Movie DB */,
				812489BC29F04E85004A6BE6 /* WebServiceError.swift */,
				8128AB1328DF106C002FD343 /* SearchWebService.swift */,
				814D46EA28C26E6B000D7ABD /* MovieWebService.swift */,
				81A395D029F402CE00800F7E /* ArtistWebService.swift */,
			);
			path = "Web Service";
			sourceTree = "<group>";
		};
		81D60D8D2A30F3860045AA0B /* Frameworks */ = {
			isa = PBXGroup;
			children = (
				81D60D8E2A30F3860045AA0B /* WidgetKit.framework */,
				81D60D902A30F3860045AA0B /* SwiftUI.framework */,
			);
			name = Frameworks;
			sourceTree = "<group>";
		};
		81D60DB42A3341760045AA0B /* WatchNextWidget */ = {
			isa = PBXGroup;
			children = (
				81D60E012A335DF20045AA0B /* WatchNextWidgetExtension.entitlements */,
				81D60E032A335E3C0045AA0B /* Classes */,
				81D60E042A335E420045AA0B /* Resources */,
				81D60E052A3484BC0045AA0B /* Preview Content */,
			);
			path = WatchNextWidget;
			sourceTree = "<group>";
		};
		81D60DC42A3341CA0045AA0B /* Model */ = {
			isa = PBXGroup;
			children = (
				81D60DC22A3341C10045AA0B /* WatchNextWidgetTimelineProvider.swift */,
			);
			path = Model;
			sourceTree = "<group>";
		};
		81D60DC52A3341D00045AA0B /* View */ = {
			isa = PBXGroup;
			children = (
				81D60DB72A3341760045AA0B /* WatchNextWidget.swift */,
			);
			path = View;
			sourceTree = "<group>";
		};
		81D60DCE2A33432F0045AA0B /* MoviebookCommons */ = {
			isa = PBXGroup;
			children = (
				81D60DE82A3344670045AA0B /* Classes */,
			);
			path = MoviebookCommons;
			sourceTree = "<group>";
		};
		81D60DE82A3344670045AA0B /* Classes */ = {
			isa = PBXGroup;
			children = (
				81D60E0C2A349C3A0045AA0B /* Application */,
				8169FB6328C210820054BCE6 /* Entities */,
				81D60DF92A3352D50045AA0B /* Network */,
				81D60DFD2A3353A40045AA0B /* Widget */,
				81D60E082A3492D70045AA0B /* Extensions */,
			);
			path = Classes;
			sourceTree = "<group>";
		};
		81D60DF92A3352D50045AA0B /* Network */ = {
			isa = PBXGroup;
			children = (
				814D46DE28C23062000D7ABD /* RequestManager.swift */,
				81D60DA42A312BF40045AA0B /* ImageLoader.swift */,
				81D60DFC2A3353010045AA0B /* Web Service */,
			);
			path = Network;
			sourceTree = "<group>";
		};
		81D60DFC2A3353010045AA0B /* Web Service */ = {
			isa = PBXGroup;
			children = (
				81D60DFA2A3352E20045AA0B /* MovieWebService.swift */,
				81EEB7942A35A7B4008D031A /* ArtistWebService.swift */,
				81EEB7922A35A762008D031A /* SearchWebService.swift */,
			);
			path = "Web Service";
			sourceTree = "<group>";
		};
		81D60DFD2A3353A40045AA0B /* Widget */ = {
			isa = PBXGroup;
			children = (
				81D60DF72A33528A0045AA0B /* WatchNextStorage.swift */,
			);
			path = Widget;
			sourceTree = "<group>";
		};
		81D60E032A335E3C0045AA0B /* Classes */ = {
			isa = PBXGroup;
			children = (
				81D60DB52A3341760045AA0B /* WatchNextWidgetBundle.swift */,
				81D60DC42A3341CA0045AA0B /* Model */,
				81D60DC52A3341D00045AA0B /* View */,
			);
			path = Classes;
			sourceTree = "<group>";
		};
		81D60E042A335E420045AA0B /* Resources */ = {
			isa = PBXGroup;
			children = (
				81D60DB92A3341770045AA0B /* Assets.xcassets */,
				81D60DBB2A3341770045AA0B /* Info.plist */,
			);
			path = Resources;
			sourceTree = "<group>";
		};
		81D60E052A3484BC0045AA0B /* Preview Content */ = {
			isa = PBXGroup;
			children = (
				81D60E062A3484E60045AA0B /* Preview Assets.xcassets */,
			);
			path = "Preview Content";
			sourceTree = "<group>";
		};
		81D60E082A3492D70045AA0B /* Extensions */ = {
			isa = PBXGroup;
			children = (
				81D60E092A3493130045AA0B /* SequenceExtensions.swift */,
			);
			path = Extensions;
			sourceTree = "<group>";
		};
		81D60E0C2A349C3A0045AA0B /* Application */ = {
			isa = PBXGroup;
			children = (
				8169FB5C28C207ED0054BCE6 /* Watchlist.swift */,
				817C42A829FC66EB00FB3FD6 /* Deeplink.swift */,
			);
			path = Application;
			sourceTree = "<group>";
		};
/* End PBXGroup section */

/* Begin PBXNativeTarget section */
		8169FB1828C204450054BCE6 /* Moviebook */ = {
			isa = PBXNativeTarget;
			buildConfigurationList = 8169FB4228C204450054BCE6 /* Build configuration list for PBXNativeTarget "Moviebook" */;
			buildPhases = (
				8169FB1528C204450054BCE6 /* Sources */,
				8169FB1628C204450054BCE6 /* Frameworks */,
				8169FB1728C204450054BCE6 /* Resources */,
				81D60DA02A30F3870045AA0B /* Embed Foundation Extensions */,
			);
			buildRules = (
			);
			dependencies = (
				81D60DBD2A3341770045AA0B /* PBXTargetDependency */,
				81D60DEE2A3345480045AA0B /* PBXTargetDependency */,
			);
			name = Moviebook;
			packageProductDependencies = (
				8112AF0229152F900041475D /* YouTubePlayerKit */,
			);
			productName = Moviebook;
			productReference = 8169FB1928C204450054BCE6 /* Moviebook.app */;
			productType = "com.apple.product-type.application";
		};
		8169FB2D28C204450054BCE6 /* MoviebookTests */ = {
			isa = PBXNativeTarget;
			buildConfigurationList = 8169FB4528C204450054BCE6 /* Build configuration list for PBXNativeTarget "MoviebookTests" */;
			buildPhases = (
				8169FB2A28C204450054BCE6 /* Sources */,
				8169FB2B28C204450054BCE6 /* Frameworks */,
				8169FB2C28C204450054BCE6 /* Resources */,
			);
			buildRules = (
			);
			dependencies = (
				8169FB3028C204450054BCE6 /* PBXTargetDependency */,
			);
			name = MoviebookTests;
			productName = MoviebookTests;
			productReference = 8169FB2E28C204450054BCE6 /* MoviebookTests.xctest */;
			productType = "com.apple.product-type.bundle.unit-test";
		};
		8169FB3728C204450054BCE6 /* MoviebookUITests */ = {
			isa = PBXNativeTarget;
			buildConfigurationList = 8169FB4828C204450054BCE6 /* Build configuration list for PBXNativeTarget "MoviebookUITests" */;
			buildPhases = (
				8169FB3428C204450054BCE6 /* Sources */,
				8169FB3528C204450054BCE6 /* Frameworks */,
				8169FB3628C204450054BCE6 /* Resources */,
			);
			buildRules = (
			);
			dependencies = (
				8169FB3A28C204450054BCE6 /* PBXTargetDependency */,
			);
			name = MoviebookUITests;
			productName = MoviebookUITests;
			productReference = 8169FB3828C204450054BCE6 /* MoviebookUITests.xctest */;
			productType = "com.apple.product-type.bundle.ui-testing";
		};
		81D60DB02A3341760045AA0B /* WatchNextWidgetExtension */ = {
			isa = PBXNativeTarget;
			buildConfigurationList = 81D60DC12A3341770045AA0B /* Build configuration list for PBXNativeTarget "WatchNextWidgetExtension" */;
			buildPhases = (
				81D60DAD2A3341760045AA0B /* Sources */,
				81D60DAE2A3341760045AA0B /* Frameworks */,
				81D60DAF2A3341760045AA0B /* Resources */,
			);
			buildRules = (
			);
			dependencies = (
				81D60DF12A334AC30045AA0B /* PBXTargetDependency */,
			);
			name = WatchNextWidgetExtension;
			productName = WatchNextWidgetExtension;
			productReference = 81D60DB12A3341760045AA0B /* WatchNextWidgetExtension.appex */;
			productType = "com.apple.product-type.app-extension";
		};
		81D60DCC2A33432F0045AA0B /* MoviebookCommons */ = {
			isa = PBXNativeTarget;
			buildConfigurationList = 81D60DD12A33432F0045AA0B /* Build configuration list for PBXNativeTarget "MoviebookCommons" */;
			buildPhases = (
				81D60DC92A33432F0045AA0B /* Sources */,
				81D60DCA2A33432F0045AA0B /* Frameworks */,
				81D60DCB2A33432F0045AA0B /* CopyFiles */,
			);
			buildRules = (
			);
			dependencies = (
			);
			name = MoviebookCommons;
			productName = MoviebookCommons;
			productReference = 81D60DCD2A33432F0045AA0B /* libMoviebookCommons.a */;
			productType = "com.apple.product-type.library.static";
		};
/* End PBXNativeTarget section */

/* Begin PBXProject section */
		8169FB1128C204450054BCE6 /* Project object */ = {
			isa = PBXProject;
			attributes = {
				BuildIndependentTargetsInParallel = 1;
				LastSwiftUpdateCheck = 1430;
				LastUpgradeCheck = 1400;
				TargetAttributes = {
					8169FB1828C204450054BCE6 = {
						CreatedOnToolsVersion = 13.4.1;
					};
					8169FB2D28C204450054BCE6 = {
						CreatedOnToolsVersion = 13.4.1;
						TestTargetID = 8169FB1828C204450054BCE6;
					};
					8169FB3728C204450054BCE6 = {
						CreatedOnToolsVersion = 13.4.1;
						TestTargetID = 8169FB1828C204450054BCE6;
					};
					81D60DB02A3341760045AA0B = {
						CreatedOnToolsVersion = 14.3;
					};
					81D60DCC2A33432F0045AA0B = {
						CreatedOnToolsVersion = 14.3;
					};
				};
			};
			buildConfigurationList = 8169FB1428C204450054BCE6 /* Build configuration list for PBXProject "Moviebook" */;
			compatibilityVersion = "Xcode 13.0";
			developmentRegion = en;
			hasScannedForEncodings = 0;
			knownRegions = (
				en,
				Base,
				it,
			);
			mainGroup = 8169FB1028C204450054BCE6;
			packageReferences = (
				8112AF0129152F900041475D /* XCRemoteSwiftPackageReference "YouTubePlayerKit" */,
			);
			productRefGroup = 8169FB1A28C204450054BCE6 /* Products */;
			projectDirPath = "";
			projectRoot = "";
			targets = (
				81D60DCC2A33432F0045AA0B /* MoviebookCommons */,
				8169FB1828C204450054BCE6 /* Moviebook */,
				8169FB2D28C204450054BCE6 /* MoviebookTests */,
				8169FB3728C204450054BCE6 /* MoviebookUITests */,
				81D60DB02A3341760045AA0B /* WatchNextWidgetExtension */,
			);
		};
/* End PBXProject section */

/* Begin PBXResourcesBuildPhase section */
		8169FB1728C204450054BCE6 /* Resources */ = {
			isa = PBXResourcesBuildPhase;
			buildActionMask = 2147483647;
			files = (
				814D46D928C22772000D7ABD /* Localizable.strings in Resources */,
				81B29B002A3C6BD10095F76B /* Assets.xcassets in Resources */,
				814D46E928C23CED000D7ABD /* Mocks in Resources */,
			);
			runOnlyForDeploymentPostprocessing = 0;
		};
		8169FB2C28C204450054BCE6 /* Resources */ = {
			isa = PBXResourcesBuildPhase;
			buildActionMask = 2147483647;
			files = (
			);
			runOnlyForDeploymentPostprocessing = 0;
		};
		8169FB3628C204450054BCE6 /* Resources */ = {
			isa = PBXResourcesBuildPhase;
			buildActionMask = 2147483647;
			files = (
			);
			runOnlyForDeploymentPostprocessing = 0;
		};
		81D60DAF2A3341760045AA0B /* Resources */ = {
			isa = PBXResourcesBuildPhase;
			buildActionMask = 2147483647;
			files = (
				81D60E072A3484E60045AA0B /* Preview Assets.xcassets in Resources */,
				81D60DBA2A3341770045AA0B /* Assets.xcassets in Resources */,
			);
			runOnlyForDeploymentPostprocessing = 0;
		};
/* End PBXResourcesBuildPhase section */

/* Begin PBXSourcesBuildPhase section */
		8169FB1528C204450054BCE6 /* Sources */ = {
			isa = PBXSourcesBuildPhase;
			buildActionMask = 2147483647;
			files = (
				8128AB1628E0BECF002FD343 /* MovieContentView.swift in Sources */,
				81B7DBF72A1400C500AF9118 /* ExploreVerticalSectionView.swift in Sources */,
				812E83C4294DCEC600D40E21 /* NewWatchedRatingView.swift in Sources */,
				81A395DB29F4191A00800F7E /* ArtistContentView.swift in Sources */,
				81A395D529F40CD200800F7E /* LoaderView.swift in Sources */,
				812489C229F15307004A6BE6 /* SearchViewModel.swift in Sources */,
				81A395D929F4104B00800F7E /* SlidingCardView.swift in Sources */,
				81167A592A3F01C200B83369 /* OvalTextFieldStyle.swift in Sources */,
				8194DF6329FE754800A3FC2D /* ArtistViewModel.swift in Sources */,
				814A13E728F0488100477126 /* WatchlistButton.swift in Sources */,
				814D46D228C22347000D7ABD /* Request.swift in Sources */,
				8127C49B2A114778008C6EBC /* SegmentedPicker.swift in Sources */,
				814D46DF28C23062000D7ABD /* RequestManager.swift in Sources */,
				812489CB29F15EC1004A6BE6 /* ArtistPreviewView.swift in Sources */,
				81A395D729F40E0D00800F7E /* PosterView.swift in Sources */,
				81A395DF29F528FA00800F7E /* SpecsView.swift in Sources */,
				81A395D129F402CE00800F7E /* ArtistWebService.swift in Sources */,
				81D60DF62A3350B40045AA0B /* Storage.swift in Sources */,
				81D254742A066836006EBC1F /* RetriableErrorView.swift in Sources */,
				81D60DF52A3350B40045AA0B /* WatchlistStorage.swift in Sources */,
				81B7DBFB2A14BE1A00AF9118 /* ExploreContentViewModel.swift in Sources */,
				8194DF6029FE746D00A3FC2D /* MovieViewModel.swift in Sources */,
				8128AB1C28F00CB6002FD343 /* RatingView.swift in Sources */,
				817C42A729FC190C00FB3FD6 /* WatchlistViewModel.swift in Sources */,
				81828ACA28DDB736006D696C /* MovieView.swift in Sources */,
				8169FB1F28C204450054BCE6 /* WatchlistView.swift in Sources */,
				81989ED22A08F9CA00547584 /* Spotlight.swift in Sources */,
				814D46E128C2391D000D7ABD /* MockServer.swift in Sources */,
				812489BD29F04E85004A6BE6 /* WebServiceError.swift in Sources */,
				814D46D028C2224A000D7ABD /* Response.swift in Sources */,
				8169FB1D28C204450054BCE6 /* MoviebookApp.swift in Sources */,
				81B7DBF92A14050300AF9118 /* ExploreHorizontalSectionView.swift in Sources */,
				8112AF0529152FA80041475D /* MovieVideoPlayer.swift in Sources */,
				81A395D329F40B8700800F7E /* ArtistView.swift in Sources */,
				81167A5D2A3F02D500B83369 /* OvalButtonStyle.swift in Sources */,
				8112AF0B2916DF5D0041475D /* MovieWatchlistStateView.swift in Sources */,
				81D60DF42A3350B40045AA0B /* LegacyWatchlistStorage.swift in Sources */,
				81D60DFF2A33567A0045AA0B /* Moviebook.xcdatamodeld in Sources */,
				814D46EB28C26E6B000D7ABD /* MovieWebService.swift in Sources */,
				8112AF0729153EA60041475D /* WatermarkView.swift in Sources */,
				81B7DBFF2A162F3500AF9118 /* EmptyWatchlistView.swift in Sources */,
				81FCB2932A18E5BB00BFD280 /* WatchlistPrompt.swift in Sources */,
				812E83C2294CC0F900D40E21 /* NewToWatchSuggestionView.swift in Sources */,
				814D46E528C23999000D7ABD /* MockRequestManager.swift in Sources */,
				8169FB5F28C20C420054BCE6 /* ExploreView.swift in Sources */,
				8152570629F6A03E00B05522 /* Navigation.swift in Sources */,
				81A395E329F5994900800F7E /* ExpandibleOverviewView.swift in Sources */,
				812489C029F152C4004A6BE6 /* ExploreViewModel.swift in Sources */,
				8128AB1428DF106C002FD343 /* SearchWebService.swift in Sources */,
				81828ACC28DDC7A4006D696C /* ObservableScrollView.swift in Sources */,
				81D60DA72A312D060045AA0B /* RemoteImage.swift in Sources */,
				81A69CC3290BCC3400724FB9 /* CircularRatingView.swift in Sources */,
				8128AB1828E0C1D9002FD343 /* MoviePreviewView.swift in Sources */,
			);
			runOnlyForDeploymentPostprocessing = 0;
		};
		8169FB2A28C204450054BCE6 /* Sources */ = {
			isa = PBXSourcesBuildPhase;
			buildActionMask = 2147483647;
			files = (
				8169FB3328C204450054BCE6 /* MoviebookTests.swift in Sources */,
			);
			runOnlyForDeploymentPostprocessing = 0;
		};
		8169FB3428C204450054BCE6 /* Sources */ = {
			isa = PBXSourcesBuildPhase;
			buildActionMask = 2147483647;
			files = (
				8169FB3F28C204450054BCE6 /* MoviebookUITestsLaunchTests.swift in Sources */,
				8169FB3D28C204450054BCE6 /* MoviebookUITests.swift in Sources */,
			);
			runOnlyForDeploymentPostprocessing = 0;
		};
		81D60DAD2A3341760045AA0B /* Sources */ = {
			isa = PBXSourcesBuildPhase;
			buildActionMask = 2147483647;
			files = (
				81D60DB82A3341760045AA0B /* WatchNextWidget.swift in Sources */,
				81D60DB62A3341760045AA0B /* WatchNextWidgetBundle.swift in Sources */,
				81D60DC62A33420B0045AA0B /* WatchNextWidgetTimelineProvider.swift in Sources */,
			);
			runOnlyForDeploymentPostprocessing = 0;
		};
		81D60DC92A33432F0045AA0B /* Sources */ = {
			isa = PBXSourcesBuildPhase;
			buildActionMask = 2147483647;
			files = (
				81D60DE52A3343940045AA0B /* MoneyValue.swift in Sources */,
				81D60DE12A3343940045AA0B /* MovieVideo.swift in Sources */,
				81EEB7932A35A762008D031A /* SearchWebService.swift in Sources */,
				81D60DDD2A3343940045AA0B /* WatchProvider.swift in Sources */,
				81D60DE42A3343940045AA0B /* Rating.swift in Sources */,
				81D60DDE2A3343940045AA0B /* ArtistDetails.swift in Sources */,
				81D60E0B2A349C340045AA0B /* Deeplink.swift in Sources */,
				81D60DD82A3343940045AA0B /* WatchProviders.swift in Sources */,
				81D60DDF2A3343940045AA0B /* MovieMedia.swift in Sources */,
				81EEB7952A35A7B4008D031A /* ArtistWebService.swift in Sources */,
				81D60DE02A3343940045AA0B /* MovieDetails.swift in Sources */,
				81D60DD92A3343940045AA0B /* MovieCollection.swift in Sources */,
				81D60DDC2A3343940045AA0B /* WatchProviderCollection.swift in Sources */,
				81D60DE32A3343940045AA0B /* MovieGenre.swift in Sources */,
				81D60DF82A33528A0045AA0B /* WatchNextStorage.swift in Sources */,
				81D60DDA2A3343940045AA0B /* Artist.swift in Sources */,
				81D60DDB2A3343940045AA0B /* MovieProduction.swift in Sources */,
				81D60E002A335A4D0045AA0B /* ImageLoader.swift in Sources */,
				81D60DE22A3343940045AA0B /* Movie.swift in Sources */,
				81D60E0A2A3493130045AA0B /* SequenceExtensions.swift in Sources */,
				81D60DFB2A3352E20045AA0B /* MovieWebService.swift in Sources */,
				81D60DFE2A33550C0045AA0B /* Watchlist.swift in Sources */,
			);
			runOnlyForDeploymentPostprocessing = 0;
		};
/* End PBXSourcesBuildPhase section */

/* Begin PBXTargetDependency section */
		8169FB3028C204450054BCE6 /* PBXTargetDependency */ = {
			isa = PBXTargetDependency;
			target = 8169FB1828C204450054BCE6 /* Moviebook */;
			targetProxy = 8169FB2F28C204450054BCE6 /* PBXContainerItemProxy */;
		};
		8169FB3A28C204450054BCE6 /* PBXTargetDependency */ = {
			isa = PBXTargetDependency;
			target = 8169FB1828C204450054BCE6 /* Moviebook */;
			targetProxy = 8169FB3928C204450054BCE6 /* PBXContainerItemProxy */;
		};
		81D60DBD2A3341770045AA0B /* PBXTargetDependency */ = {
			isa = PBXTargetDependency;
			target = 81D60DB02A3341760045AA0B /* WatchNextWidgetExtension */;
			targetProxy = 81D60DBC2A3341770045AA0B /* PBXContainerItemProxy */;
		};
		81D60DEE2A3345480045AA0B /* PBXTargetDependency */ = {
			isa = PBXTargetDependency;
			target = 81D60DCC2A33432F0045AA0B /* MoviebookCommons */;
			targetProxy = 81D60DED2A3345480045AA0B /* PBXContainerItemProxy */;
		};
		81D60DF12A334AC30045AA0B /* PBXTargetDependency */ = {
			isa = PBXTargetDependency;
			target = 81D60DCC2A33432F0045AA0B /* MoviebookCommons */;
			targetProxy = 81D60DF02A334AC30045AA0B /* PBXContainerItemProxy */;
		};
/* End PBXTargetDependency section */

/* Begin PBXVariantGroup section */
		814D46DB28C22772000D7ABD /* Localizable.strings */ = {
			isa = PBXVariantGroup;
			children = (
				814D46DA28C22772000D7ABD /* en */,
				814D46DC28C22774000D7ABD /* it */,
			);
			name = Localizable.strings;
			sourceTree = "<group>";
		};
/* End PBXVariantGroup section */

/* Begin XCBuildConfiguration section */
		8169FB4028C204450054BCE6 /* Debug */ = {
			isa = XCBuildConfiguration;
			buildSettings = {
				ALWAYS_SEARCH_USER_PATHS = NO;
				CLANG_ANALYZER_LOCALIZABILITY_NONLOCALIZED = YES;
				CLANG_ANALYZER_NONNULL = YES;
				CLANG_ANALYZER_NUMBER_OBJECT_CONVERSION = YES_AGGRESSIVE;
				CLANG_CXX_LANGUAGE_STANDARD = "gnu++17";
				CLANG_ENABLE_MODULES = YES;
				CLANG_ENABLE_OBJC_ARC = YES;
				CLANG_ENABLE_OBJC_WEAK = YES;
				CLANG_WARN_BLOCK_CAPTURE_AUTORELEASING = YES;
				CLANG_WARN_BOOL_CONVERSION = YES;
				CLANG_WARN_COMMA = YES;
				CLANG_WARN_CONSTANT_CONVERSION = YES;
				CLANG_WARN_DEPRECATED_OBJC_IMPLEMENTATIONS = YES;
				CLANG_WARN_DIRECT_OBJC_ISA_USAGE = YES_ERROR;
				CLANG_WARN_DOCUMENTATION_COMMENTS = YES;
				CLANG_WARN_EMPTY_BODY = YES;
				CLANG_WARN_ENUM_CONVERSION = YES;
				CLANG_WARN_INFINITE_RECURSION = YES;
				CLANG_WARN_INT_CONVERSION = YES;
				CLANG_WARN_NON_LITERAL_NULL_CONVERSION = YES;
				CLANG_WARN_OBJC_IMPLICIT_RETAIN_SELF = YES;
				CLANG_WARN_OBJC_LITERAL_CONVERSION = YES;
				CLANG_WARN_OBJC_ROOT_CLASS = YES_ERROR;
				CLANG_WARN_QUOTED_INCLUDE_IN_FRAMEWORK_HEADER = YES;
				CLANG_WARN_RANGE_LOOP_ANALYSIS = YES;
				CLANG_WARN_STRICT_PROTOTYPES = YES;
				CLANG_WARN_SUSPICIOUS_MOVE = YES;
				CLANG_WARN_UNGUARDED_AVAILABILITY = YES_AGGRESSIVE;
				CLANG_WARN_UNREACHABLE_CODE = YES;
				CLANG_WARN__DUPLICATE_METHOD_MATCH = YES;
				COPY_PHASE_STRIP = NO;
				DEBUG_INFORMATION_FORMAT = dwarf;
				ENABLE_STRICT_OBJC_MSGSEND = YES;
				ENABLE_TESTABILITY = YES;
				GCC_C_LANGUAGE_STANDARD = gnu11;
				GCC_DYNAMIC_NO_PIC = NO;
				GCC_NO_COMMON_BLOCKS = YES;
				GCC_OPTIMIZATION_LEVEL = 0;
				GCC_PREPROCESSOR_DEFINITIONS = (
					"DEBUG=1",
					"$(inherited)",
				);
				GCC_WARN_64_TO_32_BIT_CONVERSION = YES;
				GCC_WARN_ABOUT_RETURN_TYPE = YES_ERROR;
				GCC_WARN_UNDECLARED_SELECTOR = YES;
				GCC_WARN_UNINITIALIZED_AUTOS = YES_AGGRESSIVE;
				GCC_WARN_UNUSED_FUNCTION = YES;
				GCC_WARN_UNUSED_VARIABLE = YES;
				IPHONEOS_DEPLOYMENT_TARGET = 15.5;
				MTL_ENABLE_DEBUG_INFO = INCLUDE_SOURCE;
				MTL_FAST_MATH = YES;
				ONLY_ACTIVE_ARCH = YES;
				SDKROOT = iphoneos;
				SWIFT_ACTIVE_COMPILATION_CONDITIONS = DEBUG;
				SWIFT_OPTIMIZATION_LEVEL = "-Onone";
			};
			name = Debug;
		};
		8169FB4128C204450054BCE6 /* Release */ = {
			isa = XCBuildConfiguration;
			buildSettings = {
				ALWAYS_SEARCH_USER_PATHS = NO;
				CLANG_ANALYZER_LOCALIZABILITY_NONLOCALIZED = YES;
				CLANG_ANALYZER_NONNULL = YES;
				CLANG_ANALYZER_NUMBER_OBJECT_CONVERSION = YES_AGGRESSIVE;
				CLANG_CXX_LANGUAGE_STANDARD = "gnu++17";
				CLANG_ENABLE_MODULES = YES;
				CLANG_ENABLE_OBJC_ARC = YES;
				CLANG_ENABLE_OBJC_WEAK = YES;
				CLANG_WARN_BLOCK_CAPTURE_AUTORELEASING = YES;
				CLANG_WARN_BOOL_CONVERSION = YES;
				CLANG_WARN_COMMA = YES;
				CLANG_WARN_CONSTANT_CONVERSION = YES;
				CLANG_WARN_DEPRECATED_OBJC_IMPLEMENTATIONS = YES;
				CLANG_WARN_DIRECT_OBJC_ISA_USAGE = YES_ERROR;
				CLANG_WARN_DOCUMENTATION_COMMENTS = YES;
				CLANG_WARN_EMPTY_BODY = YES;
				CLANG_WARN_ENUM_CONVERSION = YES;
				CLANG_WARN_INFINITE_RECURSION = YES;
				CLANG_WARN_INT_CONVERSION = YES;
				CLANG_WARN_NON_LITERAL_NULL_CONVERSION = YES;
				CLANG_WARN_OBJC_IMPLICIT_RETAIN_SELF = YES;
				CLANG_WARN_OBJC_LITERAL_CONVERSION = YES;
				CLANG_WARN_OBJC_ROOT_CLASS = YES_ERROR;
				CLANG_WARN_QUOTED_INCLUDE_IN_FRAMEWORK_HEADER = YES;
				CLANG_WARN_RANGE_LOOP_ANALYSIS = YES;
				CLANG_WARN_STRICT_PROTOTYPES = YES;
				CLANG_WARN_SUSPICIOUS_MOVE = YES;
				CLANG_WARN_UNGUARDED_AVAILABILITY = YES_AGGRESSIVE;
				CLANG_WARN_UNREACHABLE_CODE = YES;
				CLANG_WARN__DUPLICATE_METHOD_MATCH = YES;
				COPY_PHASE_STRIP = NO;
				DEBUG_INFORMATION_FORMAT = "dwarf-with-dsym";
				ENABLE_NS_ASSERTIONS = NO;
				ENABLE_STRICT_OBJC_MSGSEND = YES;
				GCC_C_LANGUAGE_STANDARD = gnu11;
				GCC_NO_COMMON_BLOCKS = YES;
				GCC_WARN_64_TO_32_BIT_CONVERSION = YES;
				GCC_WARN_ABOUT_RETURN_TYPE = YES_ERROR;
				GCC_WARN_UNDECLARED_SELECTOR = YES;
				GCC_WARN_UNINITIALIZED_AUTOS = YES_AGGRESSIVE;
				GCC_WARN_UNUSED_FUNCTION = YES;
				GCC_WARN_UNUSED_VARIABLE = YES;
				IPHONEOS_DEPLOYMENT_TARGET = 15.5;
				MTL_ENABLE_DEBUG_INFO = NO;
				MTL_FAST_MATH = YES;
				SDKROOT = iphoneos;
				SWIFT_COMPILATION_MODE = wholemodule;
				SWIFT_OPTIMIZATION_LEVEL = "-O";
				VALIDATE_PRODUCT = YES;
			};
			name = Release;
		};
		8169FB4328C204450054BCE6 /* Debug */ = {
			isa = XCBuildConfiguration;
			buildSettings = {
				ALWAYS_EMBED_SWIFT_STANDARD_LIBRARIES = YES;
				ASSETCATALOG_COMPILER_APPICON_NAME = AppIcon;
				ASSETCATALOG_COMPILER_GLOBAL_ACCENT_COLOR_NAME = AccentColor;
				CODE_SIGN_ENTITLEMENTS = Moviebook/MoviebookDebug.entitlements;
				"CODE_SIGN_IDENTITY[sdk=iphoneos*]" = "iPhone Developer";
				CODE_SIGN_STYLE = Manual;
				CURRENT_PROJECT_VERSION = 1;
				DEVELOPMENT_ASSET_PATHS = "\"Moviebook/Preview Content\"";
				DEVELOPMENT_TEAM = "";
				"DEVELOPMENT_TEAM[sdk=iphoneos*]" = UC9U5RZ8UF;
				ENABLE_PREVIEWS = YES;
				GENERATE_INFOPLIST_FILE = YES;
				INFOPLIST_FILE = Moviebook/Info.plist;
				INFOPLIST_KEY_UIApplicationSceneManifest_Generation = YES;
				INFOPLIST_KEY_UIApplicationSupportsIndirectInputEvents = YES;
				INFOPLIST_KEY_UILaunchScreen_Generation = YES;
				INFOPLIST_KEY_UISupportedInterfaceOrientations = UIInterfaceOrientationPortrait;
				INFOPLIST_KEY_UISupportedInterfaceOrientations_iPad = "UIInterfaceOrientationLandscapeLeft UIInterfaceOrientationLandscapeRight UIInterfaceOrientationPortrait UIInterfaceOrientationPortraitUpsideDown";
				IPHONEOS_DEPLOYMENT_TARGET = 16.0;
				LD_RUNPATH_SEARCH_PATHS = (
					"$(inherited)",
					"@executable_path/Frameworks",
				);
				MARKETING_VERSION = 3.1.0;
				PRODUCT_BUNDLE_IDENTIFIER = it.lucastrazzullo.ios.moviebook;
				PRODUCT_NAME = "$(TARGET_NAME)";
				PROVISIONING_PROFILE_SPECIFIER = "";
				"PROVISIONING_PROFILE_SPECIFIER[sdk=iphoneos*]" = "Moviebook - Development";
				SUPPORTED_PLATFORMS = "iphoneos iphonesimulator";
				SUPPORTS_MACCATALYST = NO;
				SUPPORTS_MAC_DESIGNED_FOR_IPHONE_IPAD = YES;
				SWIFT_EMIT_LOC_STRINGS = YES;
				SWIFT_VERSION = 5.0;
				TARGETED_DEVICE_FAMILY = 1;
			};
			name = Debug;
		};
		8169FB4428C204450054BCE6 /* Release */ = {
			isa = XCBuildConfiguration;
			buildSettings = {
				ALWAYS_EMBED_SWIFT_STANDARD_LIBRARIES = YES;
				ASSETCATALOG_COMPILER_APPICON_NAME = AppIcon;
				ASSETCATALOG_COMPILER_GLOBAL_ACCENT_COLOR_NAME = AccentColor;
				CODE_SIGN_ENTITLEMENTS = Moviebook/Moviebook.entitlements;
				"CODE_SIGN_IDENTITY[sdk=iphoneos*]" = "iPhone Distribution";
				CODE_SIGN_STYLE = Manual;
				CURRENT_PROJECT_VERSION = 1;
				DEVELOPMENT_ASSET_PATHS = "\"Moviebook/Preview Content\"";
				DEVELOPMENT_TEAM = "";
				"DEVELOPMENT_TEAM[sdk=iphoneos*]" = UC9U5RZ8UF;
				ENABLE_PREVIEWS = YES;
				GENERATE_INFOPLIST_FILE = YES;
				INFOPLIST_FILE = Moviebook/Info.plist;
				INFOPLIST_KEY_UIApplicationSceneManifest_Generation = YES;
				INFOPLIST_KEY_UIApplicationSupportsIndirectInputEvents = YES;
				INFOPLIST_KEY_UILaunchScreen_Generation = YES;
				INFOPLIST_KEY_UISupportedInterfaceOrientations = UIInterfaceOrientationPortrait;
				INFOPLIST_KEY_UISupportedInterfaceOrientations_iPad = "UIInterfaceOrientationLandscapeLeft UIInterfaceOrientationLandscapeRight UIInterfaceOrientationPortrait UIInterfaceOrientationPortraitUpsideDown";
				IPHONEOS_DEPLOYMENT_TARGET = 16.0;
				LD_RUNPATH_SEARCH_PATHS = (
					"$(inherited)",
					"@executable_path/Frameworks",
				);
				MARKETING_VERSION = 3.1.0;
				PRODUCT_BUNDLE_IDENTIFIER = it.lucastrazzullo.ios.moviebook;
				PRODUCT_NAME = "$(TARGET_NAME)";
				PROVISIONING_PROFILE_SPECIFIER = "";
				"PROVISIONING_PROFILE_SPECIFIER[sdk=iphoneos*]" = "Moviebook - Distribution";
				SUPPORTED_PLATFORMS = "iphoneos iphonesimulator";
				SUPPORTS_MACCATALYST = NO;
				SUPPORTS_MAC_DESIGNED_FOR_IPHONE_IPAD = YES;
				SWIFT_EMIT_LOC_STRINGS = YES;
				SWIFT_VERSION = 5.0;
				TARGETED_DEVICE_FAMILY = 1;
			};
			name = Release;
		};
		8169FB4628C204450054BCE6 /* Debug */ = {
			isa = XCBuildConfiguration;
			buildSettings = {
				ALWAYS_EMBED_SWIFT_STANDARD_LIBRARIES = YES;
				BUNDLE_LOADER = "$(TEST_HOST)";
				CODE_SIGN_STYLE = Automatic;
				CURRENT_PROJECT_VERSION = 1;
				DEVELOPMENT_TEAM = UC9U5RZ8UF;
				GENERATE_INFOPLIST_FILE = YES;
				IPHONEOS_DEPLOYMENT_TARGET = 15.5;
				MARKETING_VERSION = 1.0;
				PRODUCT_BUNDLE_IDENTIFIER = it.lucastrazzullo.ios.MoviebookTests;
				PRODUCT_NAME = "$(TARGET_NAME)";
				SWIFT_EMIT_LOC_STRINGS = NO;
				SWIFT_VERSION = 5.0;
				TARGETED_DEVICE_FAMILY = "1,2";
				TEST_HOST = "$(BUILT_PRODUCTS_DIR)/Moviebook.app/Moviebook";
			};
			name = Debug;
		};
		8169FB4728C204450054BCE6 /* Release */ = {
			isa = XCBuildConfiguration;
			buildSettings = {
				ALWAYS_EMBED_SWIFT_STANDARD_LIBRARIES = YES;
				BUNDLE_LOADER = "$(TEST_HOST)";
				CODE_SIGN_STYLE = Automatic;
				CURRENT_PROJECT_VERSION = 1;
				DEVELOPMENT_TEAM = UC9U5RZ8UF;
				GENERATE_INFOPLIST_FILE = YES;
				IPHONEOS_DEPLOYMENT_TARGET = 15.5;
				MARKETING_VERSION = 1.0;
				PRODUCT_BUNDLE_IDENTIFIER = it.lucastrazzullo.ios.MoviebookTests;
				PRODUCT_NAME = "$(TARGET_NAME)";
				SWIFT_EMIT_LOC_STRINGS = NO;
				SWIFT_VERSION = 5.0;
				TARGETED_DEVICE_FAMILY = "1,2";
				TEST_HOST = "$(BUILT_PRODUCTS_DIR)/Moviebook.app/Moviebook";
			};
			name = Release;
		};
		8169FB4928C204450054BCE6 /* Debug */ = {
			isa = XCBuildConfiguration;
			buildSettings = {
				ALWAYS_EMBED_SWIFT_STANDARD_LIBRARIES = YES;
				CODE_SIGN_STYLE = Automatic;
				CURRENT_PROJECT_VERSION = 1;
				DEVELOPMENT_TEAM = UC9U5RZ8UF;
				GENERATE_INFOPLIST_FILE = YES;
				MARKETING_VERSION = 1.0;
				PRODUCT_BUNDLE_IDENTIFIER = it.lucastrazzullo.ios.MoviebookUITests;
				PRODUCT_NAME = "$(TARGET_NAME)";
				SWIFT_EMIT_LOC_STRINGS = NO;
				SWIFT_VERSION = 5.0;
				TARGETED_DEVICE_FAMILY = "1,2";
				TEST_TARGET_NAME = Moviebook;
			};
			name = Debug;
		};
		8169FB4A28C204450054BCE6 /* Release */ = {
			isa = XCBuildConfiguration;
			buildSettings = {
				ALWAYS_EMBED_SWIFT_STANDARD_LIBRARIES = YES;
				CODE_SIGN_STYLE = Automatic;
				CURRENT_PROJECT_VERSION = 1;
				DEVELOPMENT_TEAM = UC9U5RZ8UF;
				GENERATE_INFOPLIST_FILE = YES;
				MARKETING_VERSION = 1.0;
				PRODUCT_BUNDLE_IDENTIFIER = it.lucastrazzullo.ios.MoviebookUITests;
				PRODUCT_NAME = "$(TARGET_NAME)";
				SWIFT_EMIT_LOC_STRINGS = NO;
				SWIFT_VERSION = 5.0;
				TARGETED_DEVICE_FAMILY = "1,2";
				TEST_TARGET_NAME = Moviebook;
			};
			name = Release;
		};
		81D60DBF2A3341770045AA0B /* Debug */ = {
			isa = XCBuildConfiguration;
			buildSettings = {
				ASSETCATALOG_COMPILER_GLOBAL_ACCENT_COLOR_NAME = AccentColor;
				ASSETCATALOG_COMPILER_WIDGET_BACKGROUND_COLOR_NAME = WidgetBackground;
				CLANG_CXX_LANGUAGE_STANDARD = "gnu++20";
				CODE_SIGN_ENTITLEMENTS = WatchNextWidget/WatchNextWidgetExtension.entitlements;
				CODE_SIGN_IDENTITY = "Apple Development";
				"CODE_SIGN_IDENTITY[sdk=iphoneos*]" = "iPhone Developer";
				CODE_SIGN_STYLE = Manual;
				CURRENT_PROJECT_VERSION = 1;
				DEVELOPMENT_TEAM = "";
				"DEVELOPMENT_TEAM[sdk=iphoneos*]" = UC9U5RZ8UF;
				GENERATE_INFOPLIST_FILE = YES;
				INFOPLIST_FILE = WatchNextWidget/Resources/Info.plist;
				INFOPLIST_KEY_CFBundleDisplayName = WatchNextWidget;
				INFOPLIST_KEY_NSHumanReadableCopyright = "";
				IPHONEOS_DEPLOYMENT_TARGET = 16.4;
				LD_RUNPATH_SEARCH_PATHS = (
					"$(inherited)",
					"@executable_path/Frameworks",
					"@executable_path/../../Frameworks",
				);
				MARKETING_VERSION = 3.1.0;
				PRODUCT_BUNDLE_IDENTIFIER = "it.lucastrazzullo.ios.moviebook.Moviebook-WatchNext-Widget";
				PRODUCT_NAME = "$(TARGET_NAME)";
				PROVISIONING_PROFILE_SPECIFIER = "";
				"PROVISIONING_PROFILE_SPECIFIER[sdk=iphoneos*]" = "Moviebook Widget - Development";
				SKIP_INSTALL = YES;
				SWIFT_EMIT_LOC_STRINGS = YES;
				SWIFT_VERSION = 5.0;
				TARGETED_DEVICE_FAMILY = "1,2";
			};
			name = Debug;
		};
		81D60DC02A3341770045AA0B /* Release */ = {
			isa = XCBuildConfiguration;
			buildSettings = {
				ASSETCATALOG_COMPILER_GLOBAL_ACCENT_COLOR_NAME = AccentColor;
				ASSETCATALOG_COMPILER_WIDGET_BACKGROUND_COLOR_NAME = WidgetBackground;
				CLANG_CXX_LANGUAGE_STANDARD = "gnu++20";
				CODE_SIGN_ENTITLEMENTS = WatchNextWidget/WatchNextWidgetExtension.entitlements;
				CODE_SIGN_IDENTITY = "Apple Development";
				"CODE_SIGN_IDENTITY[sdk=iphoneos*]" = "iPhone Distribution";
				CODE_SIGN_STYLE = Manual;
				CURRENT_PROJECT_VERSION = 1;
				DEVELOPMENT_TEAM = "";
				"DEVELOPMENT_TEAM[sdk=iphoneos*]" = UC9U5RZ8UF;
				GENERATE_INFOPLIST_FILE = YES;
				INFOPLIST_FILE = WatchNextWidget/Resources/Info.plist;
				INFOPLIST_KEY_CFBundleDisplayName = WatchNextWidget;
				INFOPLIST_KEY_NSHumanReadableCopyright = "";
				IPHONEOS_DEPLOYMENT_TARGET = 16.4;
				LD_RUNPATH_SEARCH_PATHS = (
					"$(inherited)",
					"@executable_path/Frameworks",
					"@executable_path/../../Frameworks",
				);
				MARKETING_VERSION = 3.1.0;
				PRODUCT_BUNDLE_IDENTIFIER = "it.lucastrazzullo.ios.moviebook.Moviebook-WatchNext-Widget";
				PRODUCT_NAME = "$(TARGET_NAME)";
				PROVISIONING_PROFILE_SPECIFIER = "";
				"PROVISIONING_PROFILE_SPECIFIER[sdk=iphoneos*]" = "Moviebook Widget - Distribution";
				SKIP_INSTALL = YES;
				SWIFT_EMIT_LOC_STRINGS = YES;
				SWIFT_VERSION = 5.0;
				TARGETED_DEVICE_FAMILY = "1,2";
			};
			name = Release;
		};
		81D60DD22A33432F0045AA0B /* Debug */ = {
			isa = XCBuildConfiguration;
			buildSettings = {
				CLANG_CXX_LANGUAGE_STANDARD = "gnu++20";
				CODE_SIGN_STYLE = Automatic;
				DEVELOPMENT_TEAM = UC9U5RZ8UF;
				IPHONEOS_DEPLOYMENT_TARGET = 16.0;
				OTHER_LDFLAGS = "-ObjC";
				PRODUCT_NAME = "$(TARGET_NAME)";
				SKIP_INSTALL = YES;
				SWIFT_VERSION = 5.0;
				TARGETED_DEVICE_FAMILY = "1,2";
				TVOS_DEPLOYMENT_TARGET = 16.0;
			};
			name = Debug;
		};
		81D60DD32A33432F0045AA0B /* Release */ = {
			isa = XCBuildConfiguration;
			buildSettings = {
				CLANG_CXX_LANGUAGE_STANDARD = "gnu++20";
				CODE_SIGN_STYLE = Automatic;
				DEVELOPMENT_TEAM = UC9U5RZ8UF;
				IPHONEOS_DEPLOYMENT_TARGET = 16.0;
				OTHER_LDFLAGS = "-ObjC";
				PRODUCT_NAME = "$(TARGET_NAME)";
				SKIP_INSTALL = YES;
				SWIFT_VERSION = 5.0;
				TARGETED_DEVICE_FAMILY = "1,2";
				TVOS_DEPLOYMENT_TARGET = 16.0;
			};
			name = Release;
		};
/* End XCBuildConfiguration section */

/* Begin XCConfigurationList section */
		8169FB1428C204450054BCE6 /* Build configuration list for PBXProject "Moviebook" */ = {
			isa = XCConfigurationList;
			buildConfigurations = (
				8169FB4028C204450054BCE6 /* Debug */,
				8169FB4128C204450054BCE6 /* Release */,
			);
			defaultConfigurationIsVisible = 0;
			defaultConfigurationName = Release;
		};
		8169FB4228C204450054BCE6 /* Build configuration list for PBXNativeTarget "Moviebook" */ = {
			isa = XCConfigurationList;
			buildConfigurations = (
				8169FB4328C204450054BCE6 /* Debug */,
				8169FB4428C204450054BCE6 /* Release */,
			);
			defaultConfigurationIsVisible = 0;
			defaultConfigurationName = Release;
		};
		8169FB4528C204450054BCE6 /* Build configuration list for PBXNativeTarget "MoviebookTests" */ = {
			isa = XCConfigurationList;
			buildConfigurations = (
				8169FB4628C204450054BCE6 /* Debug */,
				8169FB4728C204450054BCE6 /* Release */,
			);
			defaultConfigurationIsVisible = 0;
			defaultConfigurationName = Release;
		};
		8169FB4828C204450054BCE6 /* Build configuration list for PBXNativeTarget "MoviebookUITests" */ = {
			isa = XCConfigurationList;
			buildConfigurations = (
				8169FB4928C204450054BCE6 /* Debug */,
				8169FB4A28C204450054BCE6 /* Release */,
			);
			defaultConfigurationIsVisible = 0;
			defaultConfigurationName = Release;
		};
		81D60DC12A3341770045AA0B /* Build configuration list for PBXNativeTarget "WatchNextWidgetExtension" */ = {
			isa = XCConfigurationList;
			buildConfigurations = (
				81D60DBF2A3341770045AA0B /* Debug */,
				81D60DC02A3341770045AA0B /* Release */,
			);
			defaultConfigurationIsVisible = 0;
			defaultConfigurationName = Release;
		};
		81D60DD12A33432F0045AA0B /* Build configuration list for PBXNativeTarget "MoviebookCommons" */ = {
			isa = XCConfigurationList;
			buildConfigurations = (
				81D60DD22A33432F0045AA0B /* Debug */,
				81D60DD32A33432F0045AA0B /* Release */,
			);
			defaultConfigurationIsVisible = 0;
			defaultConfigurationName = Release;
		};
/* End XCConfigurationList section */

/* Begin XCRemoteSwiftPackageReference section */
		8112AF0129152F900041475D /* XCRemoteSwiftPackageReference "YouTubePlayerKit" */ = {
			isa = XCRemoteSwiftPackageReference;
			repositoryURL = "https://github.com/SvenTiigi/YouTubePlayerKit.git";
			requirement = {
				kind = upToNextMajorVersion;
				minimumVersion = 1.0.0;
			};
		};
/* End XCRemoteSwiftPackageReference section */

/* Begin XCSwiftPackageProductDependency section */
		8112AF0229152F900041475D /* YouTubePlayerKit */ = {
			isa = XCSwiftPackageProductDependency;
			package = 8112AF0129152F900041475D /* XCRemoteSwiftPackageReference "YouTubePlayerKit" */;
			productName = YouTubePlayerKit;
		};
/* End XCSwiftPackageProductDependency section */

/* Begin XCVersionGroup section */
		8169FB2728C204450054BCE6 /* Moviebook.xcdatamodeld */ = {
			isa = XCVersionGroup;
			children = (
				8169FB2828C204450054BCE6 /* Moviebook.xcdatamodel */,
			);
			currentVersion = 8169FB2828C204450054BCE6 /* Moviebook.xcdatamodel */;
			path = Moviebook.xcdatamodeld;
			sourceTree = "<group>";
			versionGroupType = wrapper.xcdatamodel;
		};
/* End XCVersionGroup section */
	};
	rootObject = 8169FB1128C204450054BCE6 /* Project object */;
}
