// !$*UTF8*$!
{
	archiveVersion = 1;
	classes = {
	};
	objectVersion = 55;
	objects = {

/* Begin PBXBuildFile section */
		814D46D028C2224A000D7ABD /* Response.swift in Sources */ = {isa = PBXBuildFile; fileRef = 814D46CF28C2224A000D7ABD /* Response.swift */; };
		814D46D228C22347000D7ABD /* Request.swift in Sources */ = {isa = PBXBuildFile; fileRef = 814D46D128C22347000D7ABD /* Request.swift */; };
		814D46D928C22772000D7ABD /* Localizable.strings in Resources */ = {isa = PBXBuildFile; fileRef = 814D46DB28C22772000D7ABD /* Localizable.strings */; };
		814D46DF28C23062000D7ABD /* RequestManager.swift in Sources */ = {isa = PBXBuildFile; fileRef = 814D46DE28C23062000D7ABD /* RequestManager.swift */; };
		814D46E128C2391D000D7ABD /* MockServer.swift in Sources */ = {isa = PBXBuildFile; fileRef = 814D46E028C2391D000D7ABD /* MockServer.swift */; };
		814D46E528C23999000D7ABD /* MockRequestManager.swift in Sources */ = {isa = PBXBuildFile; fileRef = 814D46E428C23999000D7ABD /* MockRequestManager.swift */; };
		814D46E928C23CED000D7ABD /* Mocks in Resources */ = {isa = PBXBuildFile; fileRef = 814D46E828C23CED000D7ABD /* Mocks */; };
		8169FB1D28C204450054BCE6 /* MoviebookApp.swift in Sources */ = {isa = PBXBuildFile; fileRef = 8169FB1C28C204450054BCE6 /* MoviebookApp.swift */; };
		8169FB1F28C204450054BCE6 /* WatchlistView.swift in Sources */ = {isa = PBXBuildFile; fileRef = 8169FB1E28C204450054BCE6 /* WatchlistView.swift */; };
		8169FB2128C204450054BCE6 /* Assets.xcassets in Resources */ = {isa = PBXBuildFile; fileRef = 8169FB2028C204450054BCE6 /* Assets.xcassets */; };
		8169FB2428C204450054BCE6 /* Preview Assets.xcassets in Resources */ = {isa = PBXBuildFile; fileRef = 8169FB2328C204450054BCE6 /* Preview Assets.xcassets */; };
		8169FB2928C204450054BCE6 /* Moviebook.xcdatamodeld in Sources */ = {isa = PBXBuildFile; fileRef = 8169FB2728C204450054BCE6 /* Moviebook.xcdatamodeld */; };
		8169FB3328C204450054BCE6 /* MoviebookTests.swift in Sources */ = {isa = PBXBuildFile; fileRef = 8169FB3228C204450054BCE6 /* MoviebookTests.swift */; };
		8169FB3D28C204450054BCE6 /* MoviebookUITests.swift in Sources */ = {isa = PBXBuildFile; fileRef = 8169FB3C28C204450054BCE6 /* MoviebookUITests.swift */; };
		8169FB3F28C204450054BCE6 /* MoviebookUITestsLaunchTests.swift in Sources */ = {isa = PBXBuildFile; fileRef = 8169FB3E28C204450054BCE6 /* MoviebookUITestsLaunchTests.swift */; };
		8169FB5428C207590054BCE6 /* FeedView.swift in Sources */ = {isa = PBXBuildFile; fileRef = 8169FB5328C207590054BCE6 /* FeedView.swift */; };
		8169FB5928C207870054BCE6 /* User.swift in Sources */ = {isa = PBXBuildFile; fileRef = 8169FB5828C207870054BCE6 /* User.swift */; };
		8169FB5B28C207A40054BCE6 /* Movie.swift in Sources */ = {isa = PBXBuildFile; fileRef = 8169FB5A28C207A40054BCE6 /* Movie.swift */; };
		8169FB5D28C207ED0054BCE6 /* Watchlist.swift in Sources */ = {isa = PBXBuildFile; fileRef = 8169FB5C28C207ED0054BCE6 /* Watchlist.swift */; };
		8169FB5F28C20C420054BCE6 /* DiscoverView.swift in Sources */ = {isa = PBXBuildFile; fileRef = 8169FB5E28C20C420054BCE6 /* DiscoverView.swift */; };
		8169FB6228C2107D0054BCE6 /* UpcomingWebService.swift in Sources */ = {isa = PBXBuildFile; fileRef = 8169FB6128C2107D0054BCE6 /* UpcomingWebService.swift */; };
		8169FB6628C215AB0054BCE6 /* PopularWebService.swift in Sources */ = {isa = PBXBuildFile; fileRef = 8169FB6528C215AB0054BCE6 /* PopularWebService.swift */; };
/* End PBXBuildFile section */

/* Begin PBXContainerItemProxy section */
		8169FB2F28C204450054BCE6 /* PBXContainerItemProxy */ = {
			isa = PBXContainerItemProxy;
			containerPortal = 8169FB1128C204450054BCE6 /* Project object */;
			proxyType = 1;
			remoteGlobalIDString = 8169FB1828C204450054BCE6;
			remoteInfo = Moviebook;
		};
		8169FB3928C204450054BCE6 /* PBXContainerItemProxy */ = {
			isa = PBXContainerItemProxy;
			containerPortal = 8169FB1128C204450054BCE6 /* Project object */;
			proxyType = 1;
			remoteGlobalIDString = 8169FB1828C204450054BCE6;
			remoteInfo = Moviebook;
		};
/* End PBXContainerItemProxy section */

/* Begin PBXFileReference section */
		814D46CF28C2224A000D7ABD /* Response.swift */ = {isa = PBXFileReference; lastKnownFileType = sourcecode.swift; path = Response.swift; sourceTree = "<group>"; };
		814D46D128C22347000D7ABD /* Request.swift */ = {isa = PBXFileReference; lastKnownFileType = sourcecode.swift; path = Request.swift; sourceTree = "<group>"; };
		814D46DA28C22772000D7ABD /* en */ = {isa = PBXFileReference; lastKnownFileType = text.plist.strings; name = en; path = en.lproj/Localizable.strings; sourceTree = "<group>"; };
		814D46DC28C22774000D7ABD /* it */ = {isa = PBXFileReference; lastKnownFileType = text.plist.strings; name = it; path = it.lproj/Localizable.strings; sourceTree = "<group>"; };
		814D46DE28C23062000D7ABD /* RequestManager.swift */ = {isa = PBXFileReference; lastKnownFileType = sourcecode.swift; path = RequestManager.swift; sourceTree = "<group>"; };
		814D46E028C2391D000D7ABD /* MockServer.swift */ = {isa = PBXFileReference; lastKnownFileType = sourcecode.swift; path = MockServer.swift; sourceTree = "<group>"; };
		814D46E428C23999000D7ABD /* MockRequestManager.swift */ = {isa = PBXFileReference; lastKnownFileType = sourcecode.swift; path = MockRequestManager.swift; sourceTree = "<group>"; };
		814D46E828C23CED000D7ABD /* Mocks */ = {isa = PBXFileReference; lastKnownFileType = folder; path = Mocks; sourceTree = "<group>"; };
		8169FB1928C204450054BCE6 /* Moviebook.app */ = {isa = PBXFileReference; explicitFileType = wrapper.application; includeInIndex = 0; path = Moviebook.app; sourceTree = BUILT_PRODUCTS_DIR; };
		8169FB1C28C204450054BCE6 /* MoviebookApp.swift */ = {isa = PBXFileReference; lastKnownFileType = sourcecode.swift; path = MoviebookApp.swift; sourceTree = "<group>"; };
		8169FB1E28C204450054BCE6 /* WatchlistView.swift */ = {isa = PBXFileReference; lastKnownFileType = sourcecode.swift; path = WatchlistView.swift; sourceTree = "<group>"; };
		8169FB2028C204450054BCE6 /* Assets.xcassets */ = {isa = PBXFileReference; lastKnownFileType = folder.assetcatalog; path = Assets.xcassets; sourceTree = "<group>"; };
		8169FB2328C204450054BCE6 /* Preview Assets.xcassets */ = {isa = PBXFileReference; lastKnownFileType = folder.assetcatalog; path = "Preview Assets.xcassets"; sourceTree = "<group>"; };
		8169FB2828C204450054BCE6 /* Moviebook.xcdatamodel */ = {isa = PBXFileReference; lastKnownFileType = wrapper.xcdatamodel; path = Moviebook.xcdatamodel; sourceTree = "<group>"; };
		8169FB2E28C204450054BCE6 /* MoviebookTests.xctest */ = {isa = PBXFileReference; explicitFileType = wrapper.cfbundle; includeInIndex = 0; path = MoviebookTests.xctest; sourceTree = BUILT_PRODUCTS_DIR; };
		8169FB3228C204450054BCE6 /* MoviebookTests.swift */ = {isa = PBXFileReference; lastKnownFileType = sourcecode.swift; path = MoviebookTests.swift; sourceTree = "<group>"; };
		8169FB3828C204450054BCE6 /* MoviebookUITests.xctest */ = {isa = PBXFileReference; explicitFileType = wrapper.cfbundle; includeInIndex = 0; path = MoviebookUITests.xctest; sourceTree = BUILT_PRODUCTS_DIR; };
		8169FB3C28C204450054BCE6 /* MoviebookUITests.swift */ = {isa = PBXFileReference; lastKnownFileType = sourcecode.swift; path = MoviebookUITests.swift; sourceTree = "<group>"; };
		8169FB3E28C204450054BCE6 /* MoviebookUITestsLaunchTests.swift */ = {isa = PBXFileReference; lastKnownFileType = sourcecode.swift; path = MoviebookUITestsLaunchTests.swift; sourceTree = "<group>"; };
		8169FB4C28C2051E0054BCE6 /* README.md */ = {isa = PBXFileReference; lastKnownFileType = net.daringfireball.markdown; name = README.md; path = ../README.md; sourceTree = "<group>"; };
		8169FB4D28C2051E0054BCE6 /* LICENSE.md */ = {isa = PBXFileReference; lastKnownFileType = net.daringfireball.markdown; name = LICENSE.md; path = ../LICENSE.md; sourceTree = "<group>"; };
		8169FB5328C207590054BCE6 /* FeedView.swift */ = {isa = PBXFileReference; lastKnownFileType = sourcecode.swift; path = FeedView.swift; sourceTree = "<group>"; };
		8169FB5828C207870054BCE6 /* User.swift */ = {isa = PBXFileReference; lastKnownFileType = sourcecode.swift; path = User.swift; sourceTree = "<group>"; };
		8169FB5A28C207A40054BCE6 /* Movie.swift */ = {isa = PBXFileReference; lastKnownFileType = sourcecode.swift; path = Movie.swift; sourceTree = "<group>"; };
		8169FB5C28C207ED0054BCE6 /* Watchlist.swift */ = {isa = PBXFileReference; lastKnownFileType = sourcecode.swift; path = Watchlist.swift; sourceTree = "<group>"; };
		8169FB5E28C20C420054BCE6 /* DiscoverView.swift */ = {isa = PBXFileReference; lastKnownFileType = sourcecode.swift; path = DiscoverView.swift; sourceTree = "<group>"; };
		8169FB6128C2107D0054BCE6 /* UpcomingWebService.swift */ = {isa = PBXFileReference; lastKnownFileType = sourcecode.swift; path = UpcomingWebService.swift; sourceTree = "<group>"; };
		8169FB6528C215AB0054BCE6 /* PopularWebService.swift */ = {isa = PBXFileReference; lastKnownFileType = sourcecode.swift; path = PopularWebService.swift; sourceTree = "<group>"; };
/* End PBXFileReference section */

/* Begin PBXFrameworksBuildPhase section */
		8169FB1628C204450054BCE6 /* Frameworks */ = {
			isa = PBXFrameworksBuildPhase;
			buildActionMask = 2147483647;
			files = (
			);
			runOnlyForDeploymentPostprocessing = 0;
		};
		8169FB2B28C204450054BCE6 /* Frameworks */ = {
			isa = PBXFrameworksBuildPhase;
			buildActionMask = 2147483647;
			files = (
			);
			runOnlyForDeploymentPostprocessing = 0;
		};
		8169FB3528C204450054BCE6 /* Frameworks */ = {
			isa = PBXFrameworksBuildPhase;
			buildActionMask = 2147483647;
			files = (
			);
			runOnlyForDeploymentPostprocessing = 0;
		};
/* End PBXFrameworksBuildPhase section */

/* Begin PBXGroup section */
		814D46CE28C2221B000D7ABD /* The Movie DB */ = {
			isa = PBXGroup;
			children = (
				814D46CF28C2224A000D7ABD /* Response.swift */,
				814D46D128C22347000D7ABD /* Request.swift */,
				8169FB6128C2107D0054BCE6 /* UpcomingWebService.swift */,
				8169FB6528C215AB0054BCE6 /* PopularWebService.swift */,
			);
			path = "The Movie DB";
			sourceTree = "<group>";
		};
		814D46E328C23989000D7ABD /* Mocks */ = {
			isa = PBXGroup;
			children = (
				814D46E428C23999000D7ABD /* MockRequestManager.swift */,
				814D46E028C2391D000D7ABD /* MockServer.swift */,
			);
			path = Mocks;
			sourceTree = "<group>";
		};
		8169FB1028C204450054BCE6 = {
			isa = PBXGroup;
			children = (
				8169FB4B28C205040054BCE6 /* Metadata */,
				8169FB1B28C204450054BCE6 /* Moviebook */,
				8169FB3128C204450054BCE6 /* MoviebookTests */,
				8169FB3B28C204450054BCE6 /* MoviebookUITests */,
				8169FB1A28C204450054BCE6 /* Products */,
			);
			sourceTree = "<group>";
		};
		8169FB1A28C204450054BCE6 /* Products */ = {
			isa = PBXGroup;
			children = (
				8169FB1928C204450054BCE6 /* Moviebook.app */,
				8169FB2E28C204450054BCE6 /* MoviebookTests.xctest */,
				8169FB3828C204450054BCE6 /* MoviebookUITests.xctest */,
			);
			name = Products;
			sourceTree = "<group>";
		};
		8169FB1B28C204450054BCE6 /* Moviebook */ = {
			isa = PBXGroup;
			children = (
				8169FB4E28C205BF0054BCE6 /* Classes */,
				8169FB5028C205D30054BCE6 /* Data */,
				8169FB4F28C205C60054BCE6 /* Resources */,
				8169FB2228C204450054BCE6 /* Preview Content */,
			);
			path = Moviebook;
			sourceTree = "<group>";
		};
		8169FB2228C204450054BCE6 /* Preview Content */ = {
			isa = PBXGroup;
			children = (
				8169FB2328C204450054BCE6 /* Preview Assets.xcassets */,
			);
			path = "Preview Content";
			sourceTree = "<group>";
		};
		8169FB3128C204450054BCE6 /* MoviebookTests */ = {
			isa = PBXGroup;
			children = (
				8169FB3228C204450054BCE6 /* MoviebookTests.swift */,
			);
			path = MoviebookTests;
			sourceTree = "<group>";
		};
		8169FB3B28C204450054BCE6 /* MoviebookUITests */ = {
			isa = PBXGroup;
			children = (
				8169FB3C28C204450054BCE6 /* MoviebookUITests.swift */,
				8169FB3E28C204450054BCE6 /* MoviebookUITestsLaunchTests.swift */,
			);
			path = MoviebookUITests;
			sourceTree = "<group>";
		};
		8169FB4B28C205040054BCE6 /* Metadata */ = {
			isa = PBXGroup;
			children = (
				8169FB4C28C2051E0054BCE6 /* README.md */,
				8169FB4D28C2051E0054BCE6 /* LICENSE.md */,
			);
			name = Metadata;
			sourceTree = "<group>";
		};
		8169FB4E28C205BF0054BCE6 /* Classes */ = {
			isa = PBXGroup;
			children = (
				8169FB1C28C204450054BCE6 /* MoviebookApp.swift */,
				8169FB5728C207750054BCE6 /* Model */,
				8169FB5528C207680054BCE6 /* View */,
			);
			path = Classes;
			sourceTree = "<group>";
		};
		8169FB4F28C205C60054BCE6 /* Resources */ = {
			isa = PBXGroup;
			children = (
				8169FB2028C204450054BCE6 /* Assets.xcassets */,
				814D46DB28C22772000D7ABD /* Localizable.strings */,
			);
			path = Resources;
			sourceTree = "<group>";
		};
		8169FB5028C205D30054BCE6 /* Data */ = {
			isa = PBXGroup;
			children = (
				8169FB2728C204450054BCE6 /* Moviebook.xcdatamodeld */,
				814D46E828C23CED000D7ABD /* Mocks */,
			);
			path = Data;
			sourceTree = "<group>";
		};
		8169FB5528C207680054BCE6 /* View */ = {
			isa = PBXGroup;
			children = (
				8169FB5328C207590054BCE6 /* FeedView.swift */,
				8169FB1E28C204450054BCE6 /* WatchlistView.swift */,
				8169FB5E28C20C420054BCE6 /* DiscoverView.swift */,
			);
			path = View;
			sourceTree = "<group>";
		};
		8169FB5728C207750054BCE6 /* Model */ = {
			isa = PBXGroup;
			children = (
				8169FB6328C210820054BCE6 /* Entities */,
				8169FB6428C2108A0054BCE6 /* Network */,
			);
			path = Model;
			sourceTree = "<group>";
		};
		8169FB6328C210820054BCE6 /* Entities */ = {
			isa = PBXGroup;
			children = (
				8169FB5828C207870054BCE6 /* User.swift */,
				8169FB5C28C207ED0054BCE6 /* Watchlist.swift */,
				8169FB5A28C207A40054BCE6 /* Movie.swift */,
			);
			path = Entities;
			sourceTree = "<group>";
		};
		8169FB6428C2108A0054BCE6 /* Network */ = {
			isa = PBXGroup;
			children = (
				814D46DE28C23062000D7ABD /* RequestManager.swift */,
				814D46E328C23989000D7ABD /* Mocks */,
				814D46CE28C2221B000D7ABD /* The Movie DB */,
			);
			path = Network;
			sourceTree = "<group>";
		};
/* End PBXGroup section */

/* Begin PBXNativeTarget section */
		8169FB1828C204450054BCE6 /* Moviebook */ = {
			isa = PBXNativeTarget;
			buildConfigurationList = 8169FB4228C204450054BCE6 /* Build configuration list for PBXNativeTarget "Moviebook" */;
			buildPhases = (
				8169FB1528C204450054BCE6 /* Sources */,
				8169FB1628C204450054BCE6 /* Frameworks */,
				8169FB1728C204450054BCE6 /* Resources */,
			);
			buildRules = (
			);
			dependencies = (
			);
			name = Moviebook;
			productName = Moviebook;
			productReference = 8169FB1928C204450054BCE6 /* Moviebook.app */;
			productType = "com.apple.product-type.application";
		};
		8169FB2D28C204450054BCE6 /* MoviebookTests */ = {
			isa = PBXNativeTarget;
			buildConfigurationList = 8169FB4528C204450054BCE6 /* Build configuration list for PBXNativeTarget "MoviebookTests" */;
			buildPhases = (
				8169FB2A28C204450054BCE6 /* Sources */,
				8169FB2B28C204450054BCE6 /* Frameworks */,
				8169FB2C28C204450054BCE6 /* Resources */,
			);
			buildRules = (
			);
			dependencies = (
				8169FB3028C204450054BCE6 /* PBXTargetDependency */,
			);
			name = MoviebookTests;
			productName = MoviebookTests;
			productReference = 8169FB2E28C204450054BCE6 /* MoviebookTests.xctest */;
			productType = "com.apple.product-type.bundle.unit-test";
		};
		8169FB3728C204450054BCE6 /* MoviebookUITests */ = {
			isa = PBXNativeTarget;
			buildConfigurationList = 8169FB4828C204450054BCE6 /* Build configuration list for PBXNativeTarget "MoviebookUITests" */;
			buildPhases = (
				8169FB3428C204450054BCE6 /* Sources */,
				8169FB3528C204450054BCE6 /* Frameworks */,
				8169FB3628C204450054BCE6 /* Resources */,
			);
			buildRules = (
			);
			dependencies = (
				8169FB3A28C204450054BCE6 /* PBXTargetDependency */,
			);
			name = MoviebookUITests;
			productName = MoviebookUITests;
			productReference = 8169FB3828C204450054BCE6 /* MoviebookUITests.xctest */;
			productType = "com.apple.product-type.bundle.ui-testing";
		};
/* End PBXNativeTarget section */

/* Begin PBXProject section */
		8169FB1128C204450054BCE6 /* Project object */ = {
			isa = PBXProject;
			attributes = {
				BuildIndependentTargetsInParallel = 1;
				LastSwiftUpdateCheck = 1340;
				LastUpgradeCheck = 1340;
				TargetAttributes = {
					8169FB1828C204450054BCE6 = {
						CreatedOnToolsVersion = 13.4.1;
					};
					8169FB2D28C204450054BCE6 = {
						CreatedOnToolsVersion = 13.4.1;
						TestTargetID = 8169FB1828C204450054BCE6;
					};
					8169FB3728C204450054BCE6 = {
						CreatedOnToolsVersion = 13.4.1;
						TestTargetID = 8169FB1828C204450054BCE6;
					};
				};
			};
			buildConfigurationList = 8169FB1428C204450054BCE6 /* Build configuration list for PBXProject "Moviebook" */;
			compatibilityVersion = "Xcode 13.0";
			developmentRegion = en;
			hasScannedForEncodings = 0;
			knownRegions = (
				en,
				Base,
				it,
			);
			mainGroup = 8169FB1028C204450054BCE6;
			productRefGroup = 8169FB1A28C204450054BCE6 /* Products */;
			projectDirPath = "";
			projectRoot = "";
			targets = (
				8169FB1828C204450054BCE6 /* Moviebook */,
				8169FB2D28C204450054BCE6 /* MoviebookTests */,
				8169FB3728C204450054BCE6 /* MoviebookUITests */,
			);
		};
/* End PBXProject section */

/* Begin PBXResourcesBuildPhase section */
		8169FB1728C204450054BCE6 /* Resources */ = {
			isa = PBXResourcesBuildPhase;
			buildActionMask = 2147483647;
			files = (
				8169FB2428C204450054BCE6 /* Preview Assets.xcassets in Resources */,
				814D46D928C22772000D7ABD /* Localizable.strings in Resources */,
				814D46E928C23CED000D7ABD /* Mocks in Resources */,
				8169FB2128C204450054BCE6 /* Assets.xcassets in Resources */,
			);
			runOnlyForDeploymentPostprocessing = 0;
		};
		8169FB2C28C204450054BCE6 /* Resources */ = {
			isa = PBXResourcesBuildPhase;
			buildActionMask = 2147483647;
			files = (
			);
			runOnlyForDeploymentPostprocessing = 0;
		};
		8169FB3628C204450054BCE6 /* Resources */ = {
			isa = PBXResourcesBuildPhase;
			buildActionMask = 2147483647;
			files = (
			);
			runOnlyForDeploymentPostprocessing = 0;
		};
/* End PBXResourcesBuildPhase section */

/* Begin PBXSourcesBuildPhase section */
		8169FB1528C204450054BCE6 /* Sources */ = {
			isa = PBXSourcesBuildPhase;
			buildActionMask = 2147483647;
			files = (
				8169FB6228C2107D0054BCE6 /* UpcomingWebService.swift in Sources */,
				814D46D228C22347000D7ABD /* Request.swift in Sources */,
				814D46DF28C23062000D7ABD /* RequestManager.swift in Sources */,
				8169FB5428C207590054BCE6 /* FeedView.swift in Sources */,
				8169FB2928C204450054BCE6 /* Moviebook.xcdatamodeld in Sources */,
				8169FB5B28C207A40054BCE6 /* Movie.swift in Sources */,
				8169FB1F28C204450054BCE6 /* WatchlistView.swift in Sources */,
				814D46E128C2391D000D7ABD /* MockServer.swift in Sources */,
				8169FB5928C207870054BCE6 /* User.swift in Sources */,
				8169FB6628C215AB0054BCE6 /* PopularWebService.swift in Sources */,
				814D46D028C2224A000D7ABD /* Response.swift in Sources */,
				8169FB1D28C204450054BCE6 /* MoviebookApp.swift in Sources */,
				8169FB5D28C207ED0054BCE6 /* Watchlist.swift in Sources */,
				814D46E528C23999000D7ABD /* MockRequestManager.swift in Sources */,
				8169FB5F28C20C420054BCE6 /* DiscoverView.swift in Sources */,
			);
			runOnlyForDeploymentPostprocessing = 0;
		};
		8169FB2A28C204450054BCE6 /* Sources */ = {
			isa = PBXSourcesBuildPhase;
			buildActionMask = 2147483647;
			files = (
				8169FB3328C204450054BCE6 /* MoviebookTests.swift in Sources */,
			);
			runOnlyForDeploymentPostprocessing = 0;
		};
		8169FB3428C204450054BCE6 /* Sources */ = {
			isa = PBXSourcesBuildPhase;
			buildActionMask = 2147483647;
			files = (
				8169FB3F28C204450054BCE6 /* MoviebookUITestsLaunchTests.swift in Sources */,
				8169FB3D28C204450054BCE6 /* MoviebookUITests.swift in Sources */,
			);
			runOnlyForDeploymentPostprocessing = 0;
		};
/* End PBXSourcesBuildPhase section */

/* Begin PBXTargetDependency section */
		8169FB3028C204450054BCE6 /* PBXTargetDependency */ = {
			isa = PBXTargetDependency;
			target = 8169FB1828C204450054BCE6 /* Moviebook */;
			targetProxy = 8169FB2F28C204450054BCE6 /* PBXContainerItemProxy */;
		};
		8169FB3A28C204450054BCE6 /* PBXTargetDependency */ = {
			isa = PBXTargetDependency;
			target = 8169FB1828C204450054BCE6 /* Moviebook */;
			targetProxy = 8169FB3928C204450054BCE6 /* PBXContainerItemProxy */;
		};
/* End PBXTargetDependency section */

/* Begin PBXVariantGroup section */
		814D46DB28C22772000D7ABD /* Localizable.strings */ = {
			isa = PBXVariantGroup;
			children = (
				814D46DA28C22772000D7ABD /* en */,
				814D46DC28C22774000D7ABD /* it */,
			);
			name = Localizable.strings;
			sourceTree = "<group>";
		};
/* End PBXVariantGroup section */

/* Begin XCBuildConfiguration section */
		8169FB4028C204450054BCE6 /* Debug */ = {
			isa = XCBuildConfiguration;
			buildSettings = {
				ALWAYS_SEARCH_USER_PATHS = NO;
				CLANG_ANALYZER_NONNULL = YES;
				CLANG_ANALYZER_NUMBER_OBJECT_CONVERSION = YES_AGGRESSIVE;
				CLANG_CXX_LANGUAGE_STANDARD = "gnu++17";
				CLANG_ENABLE_MODULES = YES;
				CLANG_ENABLE_OBJC_ARC = YES;
				CLANG_ENABLE_OBJC_WEAK = YES;
				CLANG_WARN_BLOCK_CAPTURE_AUTORELEASING = YES;
				CLANG_WARN_BOOL_CONVERSION = YES;
				CLANG_WARN_COMMA = YES;
				CLANG_WARN_CONSTANT_CONVERSION = YES;
				CLANG_WARN_DEPRECATED_OBJC_IMPLEMENTATIONS = YES;
				CLANG_WARN_DIRECT_OBJC_ISA_USAGE = YES_ERROR;
				CLANG_WARN_DOCUMENTATION_COMMENTS = YES;
				CLANG_WARN_EMPTY_BODY = YES;
				CLANG_WARN_ENUM_CONVERSION = YES;
				CLANG_WARN_INFINITE_RECURSION = YES;
				CLANG_WARN_INT_CONVERSION = YES;
				CLANG_WARN_NON_LITERAL_NULL_CONVERSION = YES;
				CLANG_WARN_OBJC_IMPLICIT_RETAIN_SELF = YES;
				CLANG_WARN_OBJC_LITERAL_CONVERSION = YES;
				CLANG_WARN_OBJC_ROOT_CLASS = YES_ERROR;
				CLANG_WARN_QUOTED_INCLUDE_IN_FRAMEWORK_HEADER = YES;
				CLANG_WARN_RANGE_LOOP_ANALYSIS = YES;
				CLANG_WARN_STRICT_PROTOTYPES = YES;
				CLANG_WARN_SUSPICIOUS_MOVE = YES;
				CLANG_WARN_UNGUARDED_AVAILABILITY = YES_AGGRESSIVE;
				CLANG_WARN_UNREACHABLE_CODE = YES;
				CLANG_WARN__DUPLICATE_METHOD_MATCH = YES;
				COPY_PHASE_STRIP = NO;
				DEBUG_INFORMATION_FORMAT = dwarf;
				ENABLE_STRICT_OBJC_MSGSEND = YES;
				ENABLE_TESTABILITY = YES;
				GCC_C_LANGUAGE_STANDARD = gnu11;
				GCC_DYNAMIC_NO_PIC = NO;
				GCC_NO_COMMON_BLOCKS = YES;
				GCC_OPTIMIZATION_LEVEL = 0;
				GCC_PREPROCESSOR_DEFINITIONS = (
					"DEBUG=1",
					"$(inherited)",
				);
				GCC_WARN_64_TO_32_BIT_CONVERSION = YES;
				GCC_WARN_ABOUT_RETURN_TYPE = YES_ERROR;
				GCC_WARN_UNDECLARED_SELECTOR = YES;
				GCC_WARN_UNINITIALIZED_AUTOS = YES_AGGRESSIVE;
				GCC_WARN_UNUSED_FUNCTION = YES;
				GCC_WARN_UNUSED_VARIABLE = YES;
				IPHONEOS_DEPLOYMENT_TARGET = 15.5;
				MTL_ENABLE_DEBUG_INFO = INCLUDE_SOURCE;
				MTL_FAST_MATH = YES;
				ONLY_ACTIVE_ARCH = YES;
				SDKROOT = iphoneos;
				SWIFT_ACTIVE_COMPILATION_CONDITIONS = DEBUG;
				SWIFT_OPTIMIZATION_LEVEL = "-Onone";
			};
			name = Debug;
		};
		8169FB4128C204450054BCE6 /* Release */ = {
			isa = XCBuildConfiguration;
			buildSettings = {
				ALWAYS_SEARCH_USER_PATHS = NO;
				CLANG_ANALYZER_NONNULL = YES;
				CLANG_ANALYZER_NUMBER_OBJECT_CONVERSION = YES_AGGRESSIVE;
				CLANG_CXX_LANGUAGE_STANDARD = "gnu++17";
				CLANG_ENABLE_MODULES = YES;
				CLANG_ENABLE_OBJC_ARC = YES;
				CLANG_ENABLE_OBJC_WEAK = YES;
				CLANG_WARN_BLOCK_CAPTURE_AUTORELEASING = YES;
				CLANG_WARN_BOOL_CONVERSION = YES;
				CLANG_WARN_COMMA = YES;
				CLANG_WARN_CONSTANT_CONVERSION = YES;
				CLANG_WARN_DEPRECATED_OBJC_IMPLEMENTATIONS = YES;
				CLANG_WARN_DIRECT_OBJC_ISA_USAGE = YES_ERROR;
				CLANG_WARN_DOCUMENTATION_COMMENTS = YES;
				CLANG_WARN_EMPTY_BODY = YES;
				CLANG_WARN_ENUM_CONVERSION = YES;
				CLANG_WARN_INFINITE_RECURSION = YES;
				CLANG_WARN_INT_CONVERSION = YES;
				CLANG_WARN_NON_LITERAL_NULL_CONVERSION = YES;
				CLANG_WARN_OBJC_IMPLICIT_RETAIN_SELF = YES;
				CLANG_WARN_OBJC_LITERAL_CONVERSION = YES;
				CLANG_WARN_OBJC_ROOT_CLASS = YES_ERROR;
				CLANG_WARN_QUOTED_INCLUDE_IN_FRAMEWORK_HEADER = YES;
				CLANG_WARN_RANGE_LOOP_ANALYSIS = YES;
				CLANG_WARN_STRICT_PROTOTYPES = YES;
				CLANG_WARN_SUSPICIOUS_MOVE = YES;
				CLANG_WARN_UNGUARDED_AVAILABILITY = YES_AGGRESSIVE;
				CLANG_WARN_UNREACHABLE_CODE = YES;
				CLANG_WARN__DUPLICATE_METHOD_MATCH = YES;
				COPY_PHASE_STRIP = NO;
				DEBUG_INFORMATION_FORMAT = "dwarf-with-dsym";
				ENABLE_NS_ASSERTIONS = NO;
				ENABLE_STRICT_OBJC_MSGSEND = YES;
				GCC_C_LANGUAGE_STANDARD = gnu11;
				GCC_NO_COMMON_BLOCKS = YES;
				GCC_WARN_64_TO_32_BIT_CONVERSION = YES;
				GCC_WARN_ABOUT_RETURN_TYPE = YES_ERROR;
				GCC_WARN_UNDECLARED_SELECTOR = YES;
				GCC_WARN_UNINITIALIZED_AUTOS = YES_AGGRESSIVE;
				GCC_WARN_UNUSED_FUNCTION = YES;
				GCC_WARN_UNUSED_VARIABLE = YES;
				IPHONEOS_DEPLOYMENT_TARGET = 15.5;
				MTL_ENABLE_DEBUG_INFO = NO;
				MTL_FAST_MATH = YES;
				SDKROOT = iphoneos;
				SWIFT_COMPILATION_MODE = wholemodule;
				SWIFT_OPTIMIZATION_LEVEL = "-O";
				VALIDATE_PRODUCT = YES;
			};
			name = Release;
		};
		8169FB4328C204450054BCE6 /* Debug */ = {
			isa = XCBuildConfiguration;
			buildSettings = {
				ASSETCATALOG_COMPILER_APPICON_NAME = AppIcon;
				ASSETCATALOG_COMPILER_GLOBAL_ACCENT_COLOR_NAME = AccentColor;
				CODE_SIGN_STYLE = Automatic;
				CURRENT_PROJECT_VERSION = 1;
				DEVELOPMENT_ASSET_PATHS = "\"Moviebook/Preview Content\"";
				DEVELOPMENT_TEAM = UC9U5RZ8UF;
				ENABLE_PREVIEWS = YES;
				GENERATE_INFOPLIST_FILE = YES;
				INFOPLIST_KEY_UIApplicationSceneManifest_Generation = YES;
				INFOPLIST_KEY_UIApplicationSupportsIndirectInputEvents = YES;
				INFOPLIST_KEY_UILaunchScreen_Generation = YES;
				INFOPLIST_KEY_UISupportedInterfaceOrientations_iPad = "UIInterfaceOrientationPortrait UIInterfaceOrientationPortraitUpsideDown UIInterfaceOrientationLandscapeLeft UIInterfaceOrientationLandscapeRight";
				INFOPLIST_KEY_UISupportedInterfaceOrientations_iPhone = "UIInterfaceOrientationPortrait UIInterfaceOrientationLandscapeLeft UIInterfaceOrientationLandscapeRight";
				LD_RUNPATH_SEARCH_PATHS = (
					"$(inherited)",
					"@executable_path/Frameworks",
				);
				MARKETING_VERSION = 1.0;
				PRODUCT_BUNDLE_IDENTIFIER = it.lucastrazzullo.ios.Moviebook;
				PRODUCT_NAME = "$(TARGET_NAME)";
				SWIFT_EMIT_LOC_STRINGS = YES;
				SWIFT_VERSION = 5.0;
				TARGETED_DEVICE_FAMILY = "1,2";
			};
			name = Debug;
		};
		8169FB4428C204450054BCE6 /* Release */ = {
			isa = XCBuildConfiguration;
			buildSettings = {
				ASSETCATALOG_COMPILER_APPICON_NAME = AppIcon;
				ASSETCATALOG_COMPILER_GLOBAL_ACCENT_COLOR_NAME = AccentColor;
				CODE_SIGN_STYLE = Automatic;
				CURRENT_PROJECT_VERSION = 1;
				DEVELOPMENT_ASSET_PATHS = "\"Moviebook/Preview Content\"";
				DEVELOPMENT_TEAM = UC9U5RZ8UF;
				ENABLE_PREVIEWS = YES;
				GENERATE_INFOPLIST_FILE = YES;
				INFOPLIST_KEY_UIApplicationSceneManifest_Generation = YES;
				INFOPLIST_KEY_UIApplicationSupportsIndirectInputEvents = YES;
				INFOPLIST_KEY_UILaunchScreen_Generation = YES;
				INFOPLIST_KEY_UISupportedInterfaceOrientations_iPad = "UIInterfaceOrientationPortrait UIInterfaceOrientationPortraitUpsideDown UIInterfaceOrientationLandscapeLeft UIInterfaceOrientationLandscapeRight";
				INFOPLIST_KEY_UISupportedInterfaceOrientations_iPhone = "UIInterfaceOrientationPortrait UIInterfaceOrientationLandscapeLeft UIInterfaceOrientationLandscapeRight";
				LD_RUNPATH_SEARCH_PATHS = (
					"$(inherited)",
					"@executable_path/Frameworks",
				);
				MARKETING_VERSION = 1.0;
				PRODUCT_BUNDLE_IDENTIFIER = it.lucastrazzullo.ios.Moviebook;
				PRODUCT_NAME = "$(TARGET_NAME)";
				SWIFT_EMIT_LOC_STRINGS = YES;
				SWIFT_VERSION = 5.0;
				TARGETED_DEVICE_FAMILY = "1,2";
			};
			name = Release;
		};
		8169FB4628C204450054BCE6 /* Debug */ = {
			isa = XCBuildConfiguration;
			buildSettings = {
				ALWAYS_EMBED_SWIFT_STANDARD_LIBRARIES = YES;
				BUNDLE_LOADER = "$(TEST_HOST)";
				CODE_SIGN_STYLE = Automatic;
				CURRENT_PROJECT_VERSION = 1;
				DEVELOPMENT_TEAM = UC9U5RZ8UF;
				GENERATE_INFOPLIST_FILE = YES;
				IPHONEOS_DEPLOYMENT_TARGET = 15.5;
				MARKETING_VERSION = 1.0;
				PRODUCT_BUNDLE_IDENTIFIER = it.lucastrazzullo.ios.MoviebookTests;
				PRODUCT_NAME = "$(TARGET_NAME)";
				SWIFT_EMIT_LOC_STRINGS = NO;
				SWIFT_VERSION = 5.0;
				TARGETED_DEVICE_FAMILY = "1,2";
				TEST_HOST = "$(BUILT_PRODUCTS_DIR)/Moviebook.app/Moviebook";
			};
			name = Debug;
		};
		8169FB4728C204450054BCE6 /* Release */ = {
			isa = XCBuildConfiguration;
			buildSettings = {
				ALWAYS_EMBED_SWIFT_STANDARD_LIBRARIES = YES;
				BUNDLE_LOADER = "$(TEST_HOST)";
				CODE_SIGN_STYLE = Automatic;
				CURRENT_PROJECT_VERSION = 1;
				DEVELOPMENT_TEAM = UC9U5RZ8UF;
				GENERATE_INFOPLIST_FILE = YES;
				IPHONEOS_DEPLOYMENT_TARGET = 15.5;
				MARKETING_VERSION = 1.0;
				PRODUCT_BUNDLE_IDENTIFIER = it.lucastrazzullo.ios.MoviebookTests;
				PRODUCT_NAME = "$(TARGET_NAME)";
				SWIFT_EMIT_LOC_STRINGS = NO;
				SWIFT_VERSION = 5.0;
				TARGETED_DEVICE_FAMILY = "1,2";
				TEST_HOST = "$(BUILT_PRODUCTS_DIR)/Moviebook.app/Moviebook";
			};
			name = Release;
		};
		8169FB4928C204450054BCE6 /* Debug */ = {
			isa = XCBuildConfiguration;
			buildSettings = {
				ALWAYS_EMBED_SWIFT_STANDARD_LIBRARIES = YES;
				CODE_SIGN_STYLE = Automatic;
				CURRENT_PROJECT_VERSION = 1;
				DEVELOPMENT_TEAM = UC9U5RZ8UF;
				GENERATE_INFOPLIST_FILE = YES;
				MARKETING_VERSION = 1.0;
				PRODUCT_BUNDLE_IDENTIFIER = it.lucastrazzullo.ios.MoviebookUITests;
				PRODUCT_NAME = "$(TARGET_NAME)";
				SWIFT_EMIT_LOC_STRINGS = NO;
				SWIFT_VERSION = 5.0;
				TARGETED_DEVICE_FAMILY = "1,2";
				TEST_TARGET_NAME = Moviebook;
			};
			name = Debug;
		};
		8169FB4A28C204450054BCE6 /* Release */ = {
			isa = XCBuildConfiguration;
			buildSettings = {
				ALWAYS_EMBED_SWIFT_STANDARD_LIBRARIES = YES;
				CODE_SIGN_STYLE = Automatic;
				CURRENT_PROJECT_VERSION = 1;
				DEVELOPMENT_TEAM = UC9U5RZ8UF;
				GENERATE_INFOPLIST_FILE = YES;
				MARKETING_VERSION = 1.0;
				PRODUCT_BUNDLE_IDENTIFIER = it.lucastrazzullo.ios.MoviebookUITests;
				PRODUCT_NAME = "$(TARGET_NAME)";
				SWIFT_EMIT_LOC_STRINGS = NO;
				SWIFT_VERSION = 5.0;
				TARGETED_DEVICE_FAMILY = "1,2";
				TEST_TARGET_NAME = Moviebook;
			};
			name = Release;
		};
/* End XCBuildConfiguration section */

/* Begin XCConfigurationList section */
		8169FB1428C204450054BCE6 /* Build configuration list for PBXProject "Moviebook" */ = {
			isa = XCConfigurationList;
			buildConfigurations = (
				8169FB4028C204450054BCE6 /* Debug */,
				8169FB4128C204450054BCE6 /* Release */,
			);
			defaultConfigurationIsVisible = 0;
			defaultConfigurationName = Release;
		};
		8169FB4228C204450054BCE6 /* Build configuration list for PBXNativeTarget "Moviebook" */ = {
			isa = XCConfigurationList;
			buildConfigurations = (
				8169FB4328C204450054BCE6 /* Debug */,
				8169FB4428C204450054BCE6 /* Release */,
			);
			defaultConfigurationIsVisible = 0;
			defaultConfigurationName = Release;
		};
		8169FB4528C204450054BCE6 /* Build configuration list for PBXNativeTarget "MoviebookTests" */ = {
			isa = XCConfigurationList;
			buildConfigurations = (
				8169FB4628C204450054BCE6 /* Debug */,
				8169FB4728C204450054BCE6 /* Release */,
			);
			defaultConfigurationIsVisible = 0;
			defaultConfigurationName = Release;
		};
		8169FB4828C204450054BCE6 /* Build configuration list for PBXNativeTarget "MoviebookUITests" */ = {
			isa = XCConfigurationList;
			buildConfigurations = (
				8169FB4928C204450054BCE6 /* Debug */,
				8169FB4A28C204450054BCE6 /* Release */,
			);
			defaultConfigurationIsVisible = 0;
			defaultConfigurationName = Release;
		};
/* End XCConfigurationList section */

/* Begin XCVersionGroup section */
		8169FB2728C204450054BCE6 /* Moviebook.xcdatamodeld */ = {
			isa = XCVersionGroup;
			children = (
				8169FB2828C204450054BCE6 /* Moviebook.xcdatamodel */,
			);
			currentVersion = 8169FB2828C204450054BCE6 /* Moviebook.xcdatamodel */;
			path = Moviebook.xcdatamodeld;
			sourceTree = "<group>";
			versionGroupType = wrapper.xcdatamodel;
		};
/* End XCVersionGroup section */
	};
	rootObject = 8169FB1128C204450054BCE6 /* Project object */;
}
